{
    "version": 4,
    "terraform_version": "1.0.3",
    "serial": 15,
    "lineage": "40f3cc04-d084-3597-89ce-b30f4c4f18f5",
    "outputs": {},
    "resources": [
      {
        "mode": "data",
        "type": "archive_file",
        "name": "monitora-awss3-zip",
        "provider": "provider[\"registry.terraform.io/hashicorp/archive\"]",
        "instances": [
          {
            "schema_version": 0,
            "attributes": {
              "excludes": null,
              "id": "b45de34b53a3ed28535e6147cb14ba69f0929b02",
              "output_base64sha256": "rwDILAzpNalMotFcdBCBi9t1GIATMLAL/2/mBdXtr8A=",
              "output_file_mode": null,
              "output_md5": "47b8325f194351c686f8ef109f714c6a",
              "output_path": "cloudfunction/monitora_s3",
              "output_sha": "b45de34b53a3ed28535e6147cb14ba69f0929b02",
              "output_size": 1810,
              "source": [],
              "source_content": null,
              "source_content_filename": null,
              "source_dir": "../codigo/cloudfunction/monitora_s3",
              "source_file": null,
              "type": "zip"
            },
            "sensitive_attributes": []
          }
        ]
      },
      {
        "mode": "data",
        "type": "archive_file",
        "name": "read-file-zip",
        "provider": "provider[\"registry.terraform.io/hashicorp/archive\"]",
        "instances": [
          {
            "schema_version": 0,
            "attributes": {
              "excludes": null,
              "id": "a186b172326ecf6043e8507e783eb45095de2941",
              "output_base64sha256": "uwhp5BMeFogHCVpKMUf3GgX5JzFagWkFxNYG8Vm5VT0=",
              "output_file_mode": null,
              "output_md5": "5039ba5f2465eb72998a84ec9344b119",
              "output_path": "cloudfunction/read_file",
              "output_sha": "a186b172326ecf6043e8507e783eb45095de2941",
              "output_size": 2118,
              "source": [],
              "source_content": null,
              "source_content_filename": null,
              "source_dir": "../codigo/cloudfunction/read_file",
              "source_file": null,
              "type": "zip"
            },
            "sensitive_attributes": []
          }
        ]
      },
      {
        "mode": "data",
        "type": "google_compute_default_service_account",
        "name": "default",
        "provider": "provider[\"registry.terraform.io/hashicorp/google\"]",
        "instances": [
          {
            "schema_version": 0,
            "attributes": {
              "display_name": "Compute Engine default service account",
              "email": "473083632894-compute@developer.gserviceaccount.com",
              "id": "projects/gglobo-relicario-pip-hdg-prd/serviceAccounts/473083632894-compute@developer.gserviceaccount.com",
              "name": "projects/gglobo-relicario-pip-hdg-prd/serviceAccounts/473083632894-compute@developer.gserviceaccount.com",
              "project": "gglobo-relicario-pip-hdg-prd",
              "unique_id": "113360221995961415086"
            },
            "sensitive_attributes": []
          }
        ]
      },
      {
        "mode": "data",
        "type": "google_iam_policy",
        "name": "storage_solucao_datatransfer",
        "provider": "provider[\"registry.terraform.io/hashicorp/google\"]",
        "instances": [
          {
            "schema_version": 0,
            "attributes": {
              "audit_config": null,
              "binding": [
                {
                  "condition": [],
                  "members": [
                    "serviceAccount:project-14318791953@storage-transfer-service.iam.gserviceaccount.com"
                  ],
                  "role": "roles/storage.admin"
                }
              ],
              "id": "1280023405",
              "policy_data": "{\"bindings\":[{\"members\":[\"serviceAccount:project-14318791953@storage-transfer-service.iam.gserviceaccount.com\"],\"role\":\"roles/storage.admin\"}]}"
            },
            "sensitive_attributes": []
          }
        ]
      },
      {
        "mode": "data",
        "type": "google_secret_manager_secret_version",
        "name": "secretaws",
        "provider": "provider[\"registry.terraform.io/hashicorp/google\"]",
        "instances": [
          {
            "index_key": 0,
            "schema_version": 0,
            "attributes": {
              "create_time": "2022-06-10T21:51:59.887392Z",
              "destroy_time": null,
              "enabled": true,
              "id": "projects/473083632894/secrets/rel001-advertising-datatransfer-s3-onboarding-comercial/versions/1",
              "name": "projects/473083632894/secrets/rel001-advertising-datatransfer-s3-onboarding-comercial/versions/1",
              "project": "gglobo-relicario-pip-hdg-prd",
              "secret": "rel001-advertising-datatransfer-s3-onboarding-comercial",
              "secret_data": "{\n    \"access_key_id\": \"AKIAQTLRIFMKQN6RXG6H\",\n    \"secret_access_key\": \"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\"\n}",
              "version": "1"
            },
            "sensitive_attributes": []
          },
          {
            "index_key": 1,
            "schema_version": 0,
            "attributes": {
              "create_time": "2022-06-10T21:51:59.887392Z",
              "destroy_time": null,
              "enabled": true,
              "id": "projects/473083632894/secrets/rel001-advertising-datatransfer-s3-onboarding-comercial/versions/1",
              "name": "projects/473083632894/secrets/rel001-advertising-datatransfer-s3-onboarding-comercial/versions/1",
              "project": "gglobo-relicario-pip-hdg-prd",
              "secret": "rel001-advertising-datatransfer-s3-onboarding-comercial",
              "secret_data": "{\n    \"access_key_id\": \"AKIAQTLRIFMKQN6RXG6H\",\n    \"secret_access_key\": \"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\"\n}",
              "version": "1"
            },
            "sensitive_attributes": []
          },
          {
            "index_key": 2,
            "schema_version": 0,
            "attributes": {
              "create_time": "2022-06-27T18:55:54.388964Z",
              "destroy_time": null,
              "enabled": true,
              "id": "projects/473083632894/secrets/rel001-advertising-datatransfer-s3-globoads-mesa-performance/versions/1",
              "name": "projects/473083632894/secrets/rel001-advertising-datatransfer-s3-globoads-mesa-performance/versions/1",
              "project": "gglobo-relicario-pip-hdg-prd",
              "secret": "rel001-advertising-datatransfer-s3-globoads-mesa-performance",
              "secret_data": "{\n    \"access_key_id\": \"AKIAV4PTTWBQVMMDR5CW\",\n    \"secret_access_key\": \"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\"\n}",
              "version": "1"
            },
            "sensitive_attributes": []
          },
          {
            "index_key": 3,
            "schema_version": 0,
            "attributes": {
              "create_time": "2022-06-27T18:55:54.388964Z",
              "destroy_time": null,
              "enabled": true,
              "id": "projects/473083632894/secrets/rel001-advertising-datatransfer-s3-globoads-mesa-performance/versions/1",
              "name": "projects/473083632894/secrets/rel001-advertising-datatransfer-s3-globoads-mesa-performance/versions/1",
              "project": "gglobo-relicario-pip-hdg-prd",
              "secret": "rel001-advertising-datatransfer-s3-globoads-mesa-performance",
              "secret_data": "{\n    \"access_key_id\": \"AKIAV4PTTWBQVMMDR5CW\",\n    \"secret_access_key\": \"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\"\n}",
              "version": "1"
            },
            "sensitive_attributes": []
          },
          {
            "index_key": 4,
            "schema_version": 0,
            "attributes": {
              "create_time": "2022-06-10T21:51:59.887392Z",
              "destroy_time": null,
              "enabled": true,
              "id": "projects/473083632894/secrets/rel001-advertising-datatransfer-s3-onboarding-comercial/versions/1",
              "name": "projects/473083632894/secrets/rel001-advertising-datatransfer-s3-onboarding-comercial/versions/1",
              "project": "gglobo-relicario-pip-hdg-prd",
              "secret": "rel001-advertising-datatransfer-s3-onboarding-comercial",
              "secret_data": "{\n    \"access_key_id\": \"AKIAQTLRIFMKQN6RXG6H\",\n    \"secret_access_key\": \"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\"\n}",
              "version": "1"
            },
            "sensitive_attributes": []
          }
        ]
      },
      {
        "mode": "managed",
        "type": "google_bigquery_dataset",
        "name": "operacional",
        "provider": "provider[\"registry.terraform.io/hashicorp/google\"]",
        "instances": [
          {
            "schema_version": 0,
            "attributes": {
              "access": [
                {
                  "dataset": [],
                  "domain": "",
                  "group_by_email": "GCP-Administrators-gglobo-relicario-hdg-prd@g.globo",
                  "role": "OWNER",
                  "special_group": "",
                  "user_by_email": "",
                  "view": []
                }
              ],
              "creation_time": 1657301006473,
              "dataset_id": "prep_relicario_operacional",
              "default_encryption_configuration": [],
              "default_partition_expiration_ms": 0,
              "default_table_expiration_ms": 0,
              "delete_contents_on_destroy": false,
              "description": "Dataset responsável em armazenar as tabelas operacionais do sisttema",
              "etag": "mL1aYMBN17/iRrSTHMxMRQ==",
              "friendly_name": "",
              "id": "projects/gglobo-relicario-hdg-prd/datasets/prep_relicario_operacional",
              "labels": {
                "branch": "master",
                "solucao": "rel001-advertising"
              },
              "last_modified_time": 1657301006473,
              "location": "US",
              "project": "gglobo-relicario-hdg-prd",
              "self_link": "https://bigquery.googleapis.com/bigquery/v2/projects/gglobo-relicario-hdg-prd/datasets/prep_relicario_operacional",
              "timeouts": null
            },
            "sensitive_attributes": [],
            "private": "eyJlMmJmYjczMC1lY2FhLTExZTYtOGY4OC0zNDM2M2JjN2M0YzAiOnsiY3JlYXRlIjoxMjAwMDAwMDAwMDAwLCJkZWxldGUiOjEyMDAwMDAwMDAwMDAsInVwZGF0ZSI6MTIwMDAwMDAwMDAwMH19"
          }
        ]
      },
      {
        "mode": "managed",
        "type": "google_bigquery_table",
        "name": "buckets-s3",
        "provider": "provider[\"registry.terraform.io/hashicorp/google\"]",
        "instances": [
          {
            "schema_version": 0,
            "attributes": {
              "clustering": null,
              "creation_time": 1657301007210,
              "dataset_id": "prep_relicario_operacional",
              "deletion_protection": true,
              "description": "Tabela armazena a estrutura de pastas dos buckets do S3 que o relicario usa",
              "encryption_configuration": [],
              "etag": "Vr2GEU9I6qkdmwow6yguaQ==",
              "expiration_time": 0,
              "external_data_configuration": [],
              "friendly_name": "",
              "id": "projects/gglobo-relicario-hdg-prd/datasets/prep_relicario_operacional/tables/buckets_s3",
              "labels": {
                "branch": "master",
                "solucao": "rel001-advertising"
              },
              "last_modified_time": 1657301007252,
              "location": "US",
              "materialized_view": [],
              "num_bytes": 0,
              "num_long_term_bytes": 0,
              "num_rows": 0,
              "project": "gglobo-relicario-hdg-prd",
              "range_partitioning": [],
              "schema": "[{\"description\":\"Nome do bucket na AWS S3\",\"name\":\"bucket\",\"type\":\"STRING\"},{\"description\":\"Nome da pasta ou arquivo dentro do bucket S3\",\"name\":\"object\",\"type\":\"STRING\"},{\"description\":\"Data da última modificação da pasta do S3\",\"name\":\"last_modified\",\"type\":\"TIMESTAMP\"},{\"description\":\"Size in bytes of the object\",\"name\":\"size\",\"type\":\"INTEGER\"},{\"description\":\"Hash do objeto. A ETag (entity tag) reflete alterações apenas no conteúdo de um objeto, não em seus metadados.\",\"name\":\"e_tag\",\"type\":\"STRING\"},{\"description\":\"Data que o registro foi criado no BigQuery\",\"name\":\"dt_processing\",\"type\":\"TIMESTAMP\"}]",
              "self_link": "https://bigquery.googleapis.com/bigquery/v2/projects/gglobo-relicario-hdg-prd/datasets/prep_relicario_operacional/tables/buckets_s3",
              "table_id": "buckets_s3",
              "time_partitioning": [
                {
                  "expiration_ms": 0,
                  "field": "dt_processing",
                  "require_partition_filter": false,
                  "type": "DAY"
                }
              ],
              "type": "TABLE",
              "view": []
            },
            "sensitive_attributes": [],
            "private": "bnVsbA==",
            "dependencies": [
              "google_bigquery_dataset.operacional"
            ]
          }
        ]
      },
      {
        "mode": "managed",
        "type": "google_cloud_scheduler_job",
        "name": "monitora-awss3",
        "provider": "provider[\"registry.terraform.io/hashicorp/google\"]",
        "instances": [
          {
            "schema_version": 0,
            "attributes": {
              "app_engine_http_target": [],
              "attempt_deadline": "180s",
              "description": "Job responsável de disparar monitora S3",
              "http_target": [
                {
                  "body": "e30=",
                  "headers": null,
                  "http_method": "POST",
                  "oauth_token": [],
                  "oidc_token": [
                    {
                      "audience": "https://us-central1-gglobo-relicario-pip-hdg-prd.cloudfunctions.net/rel001-advertising-monitora-aws-s3",
                      "service_account_email": "473083632894-compute@developer.gserviceaccount.com"
                    }
                  ],
                  "uri": "https://us-central1-gglobo-relicario-pip-hdg-prd.cloudfunctions.net/rel001-advertising-monitora-aws-s3"
                }
              ],
              "id": "projects/gglobo-relicario-pip-hdg-prd/locations/us-central1/jobs/rel001-advertising-monitora-s3",
              "name": "rel001-advertising-monitora-s3",
              "project": "gglobo-relicario-pip-hdg-prd",
              "pubsub_target": [],
              "region": "us-central1",
              "retry_config": [],
              "schedule": "5 12 28 6 0",
              "time_zone": "America/Sao_Paulo",
              "timeouts": null
            },
            "sensitive_attributes": [],
            "private": "eyJlMmJmYjczMC1lY2FhLTExZTYtOGY4OC0zNDM2M2JjN2M0YzAiOnsiY3JlYXRlIjoxMjAwMDAwMDAwMDAwLCJkZWxldGUiOjEyMDAwMDAwMDAwMDAsInVwZGF0ZSI6MTIwMDAwMDAwMDAwMH19",
            "dependencies": [
              "data.archive_file.monitora-awss3-zip",
              "data.google_compute_default_service_account.default",
              "google_bigquery_dataset.operacional",
              "google_bigquery_table.buckets-s3",
              "google_cloudfunctions_function.monitora-awss3",
              "google_storage_bucket.codigos",
              "google_storage_bucket_object.monitora-awss3-code"
            ]
          }
        ]
      },
      {
        "mode": "managed",
        "type": "google_cloudfunctions_function",
        "name": "monitora-awss3",
        "provider": "provider[\"registry.terraform.io/hashicorp/google\"]",
        "instances": [
          {
            "schema_version": 0,
            "attributes": {
              "available_memory_mb": 1024,
              "build_environment_variables": null,
              "description": "Function acionada periodicamente para verficiar e armazenar a estrutura de pastas dos Buckets AWS S3",
              "docker_registry": "CONTAINER_REGISTRY",
              "docker_repository": "",
              "entry_point": "main",
              "environment_variables": {
                "BUCKET_S3_GLOBOADS": "mesa-performance.negocios.tvglobo.com.br",
                "BUCKET_S3_ONBOARDING_COMERCIAL": "onboarding-comercial",
                "ENV": "prod",
                "PROJECT_ID": "gglobo-relicario-pip-hdg-prd",
                "SECRET_MANAGER_GLOBOADS": "rel001-advertising-datatransfer-s3-globoads-mesa-performance",
                "SECRET_MANAGER_ONBOARDING_COMERCIAL": "rel001-advertising-datatransfer-s3-onboarding-comercial",
                "SOLUCAO": "rel001-advertising",
                "TABELA_BQ": "gglobo-relicario-hdg-prd.prep_relicario_operacional.buckets_s3",
                "VERSION_ID": "latest"
              },
              "event_trigger": [],
              "https_trigger_security_level": "SECURE_OPTIONAL",
              "https_trigger_url": "https://us-central1-gglobo-relicario-pip-hdg-prd.cloudfunctions.net/rel001-advertising-monitora-aws-s3",
              "id": "projects/gglobo-relicario-pip-hdg-prd/locations/us-central1/functions/rel001-advertising-monitora-aws-s3",
              "ingress_settings": "ALLOW_ALL",
              "kms_key_name": "",
              "labels": null,
              "max_instances": 0,
              "min_instances": 0,
              "name": "rel001-advertising-monitora-aws-s3",
              "project": "gglobo-relicario-pip-hdg-prd",
              "region": "us-central1",
              "runtime": "python37",
              "secret_environment_variables": [],
              "secret_volumes": [],
              "service_account_email": "473083632894-compute@developer.gserviceaccount.com",
              "source_archive_bucket": "rel001-advertising-codigos-7okpl",
              "source_archive_object": "cloudfunction/monitora_s3-b45de34b53a3ed28535e6147cb14ba69f0929b02.zip",
              "source_repository": [],
              "timeout": 540,
              "timeouts": null,
              "trigger_http": true,
              "vpc_connector": "",
              "vpc_connector_egress_settings": ""
            },
            "sensitive_attributes": [],
            "private": "eyJlMmJmYjczMC1lY2FhLTExZTYtOGY4OC0zNDM2M2JjN2M0YzAiOnsiY3JlYXRlIjozMDAwMDAwMDAwMDAsImRlbGV0ZSI6MzAwMDAwMDAwMDAwLCJyZWFkIjozMDAwMDAwMDAwMDAsInVwZGF0ZSI6MzAwMDAwMDAwMDAwfX0=",
            "dependencies": [
              "data.archive_file.monitora-awss3-zip",
              "google_bigquery_dataset.operacional",
              "google_bigquery_table.buckets-s3",
              "google_storage_bucket.codigos",
              "google_storage_bucket_object.monitora-awss3-code"
            ]
          }
        ]
      },
      {
        "mode": "managed",
        "type": "google_cloudfunctions_function",
        "name": "read-file",
        "provider": "provider[\"registry.terraform.io/hashicorp/google\"]",
        "instances": [
          {
            "index_key": 0,
            "schema_version": 0,
            "attributes": {
              "available_memory_mb": 1024,
              "build_environment_variables": null,
              "description": "",
              "docker_registry": "CONTAINER_REGISTRY",
              "docker_repository": "",
              "entry_point": "main",
              "environment_variables": {
                "AVERTISING_ID": "gm",
                "BUCKET_STAGING": "rel001-advertising-gm-stg-7okpl",
                "DATAPROC_WORKFLOW_TEMPLATE": "rel001-advertising-gm",
                "ENV": "prod",
                "REGION": "us-central1",
                "SOLUCAO": "rel001-advertising",
                "TOPIC_REGISTER_STATUS": "projects/gglobo-relicario-pip-hdg-prd/topics/rel007-metricas-status-register",
                "TOPIC_START_DATAPROC": "projects/gglobo-relicario-pip-hdg-prd/topics/foundation-start-dataproc-workflow"
              },
              "event_trigger": [
                {
                  "event_type": "google.storage.object.finalize",
                  "failure_policy": [
                    {
                      "retry": false
                    }
                  ],
                  "resource": "projects/gglobo-relicario-pip-hdg-prd/buckets/rel001-advertising-gm-lnd-7okpl"
                }
              ],
              "https_trigger_security_level": null,
              "https_trigger_url": null,
              "id": "projects/gglobo-relicario-pip-hdg-prd/locations/us-central1/functions/rel001-advertising-read-file-gm",
              "ingress_settings": "ALLOW_ALL",
              "kms_key_name": "",
              "labels": {
                "advertiser": "gm",
                "branch": "master",
                "solucao": "rel001-advertising"
              },
              "max_instances": 0,
              "min_instances": 0,
              "name": "rel001-advertising-read-file-gm",
              "project": "gglobo-relicario-pip-hdg-prd",
              "region": "us-central1",
              "runtime": "python37",
              "secret_environment_variables": [],
              "secret_volumes": [],
              "service_account_email": "gglobo-relicario-pip-hdg-prd@appspot.gserviceaccount.com",
              "source_archive_bucket": "rel001-advertising-codigos-7okpl",
              "source_archive_object": "cloudfunction/read_file-d0b6336f1fb7b1a0d7e54d8ac003b4bd9563faeb.zip",
              "source_repository": [],
              "timeout": 540,
              "timeouts": null,
              "trigger_http": null,
              "vpc_connector": "",
              "vpc_connector_egress_settings": ""
            },
            "sensitive_attributes": [],
            "private": "eyJlMmJmYjczMC1lY2FhLTExZTYtOGY4OC0zNDM2M2JjN2M0YzAiOnsiY3JlYXRlIjozMDAwMDAwMDAwMDAsImRlbGV0ZSI6MzAwMDAwMDAwMDAwLCJyZWFkIjozMDAwMDAwMDAwMDAsInVwZGF0ZSI6MzAwMDAwMDAwMDAwfX0=",
            "dependencies": [
              "data.archive_file.read-file-zip",
              "google_secret_manager_secret.secret",
              "google_storage_bucket.lnd",
              "google_storage_bucket.raw",
              "google_dataproc_workflow_template.dataproc",
              "google_storage_bucket.codigos",
              "google_storage_bucket.staging",
              "google_storage_bucket.tmp-dataproc",
              "google_storage_bucket_object.read-file-code"
            ]
          },
          {
            "index_key": 3,
            "schema_version": 0,
            "attributes": {
              "available_memory_mb": 1024,
              "build_environment_variables": null,
              "description": "",
              "docker_registry": "CONTAINER_REGISTRY",
              "docker_repository": "",
              "entry_point": "main",
              "environment_variables": {
                "AVERTISING_ID": "cogna",
                "BUCKET_STAGING": "rel001-advertising-cogna-stg-7okpl",
                "DATAPROC_WORKFLOW_TEMPLATE": "rel001-advertising-cogna",
                "ENV": "prod",
                "REGION": "us-central1",
                "SOLUCAO": "rel001-advertising",
                "TOPIC_REGISTER_STATUS": "projects/gglobo-relicario-pip-hdg-prd/topics/rel007-metricas-status-register",
                "TOPIC_START_DATAPROC": "projects/gglobo-relicario-pip-hdg-prd/topics/foundation-start-dataproc-workflow"
              },
              "event_trigger": [
                {
                  "event_type": "google.storage.object.finalize",
                  "failure_policy": [
                    {
                      "retry": false
                    }
                  ],
                  "resource": "projects/gglobo-relicario-pip-hdg-prd/buckets/rel001-advertising-cogna-lnd-7okpl"
                }
              ],
              "https_trigger_security_level": null,
              "https_trigger_url": null,
              "id": "projects/gglobo-relicario-pip-hdg-prd/locations/us-central1/functions/rel001-advertising-read-file-cogna",
              "ingress_settings": "ALLOW_ALL",
              "kms_key_name": "",
              "labels": {
                "advertiser": "cogna",
                "branch": "master",
                "solucao": "rel001-advertising"
              },
              "max_instances": 0,
              "min_instances": 0,
              "name": "rel001-advertising-read-file-cogna",
              "project": "gglobo-relicario-pip-hdg-prd",
              "region": "us-central1",
              "runtime": "python37",
              "secret_environment_variables": [],
              "secret_volumes": [],
              "service_account_email": "gglobo-relicario-pip-hdg-prd@appspot.gserviceaccount.com",
              "source_archive_bucket": "rel001-advertising-codigos-7okpl",
              "source_archive_object": "cloudfunction/read_file-d0b6336f1fb7b1a0d7e54d8ac003b4bd9563faeb.zip",
              "source_repository": [],
              "timeout": 540,
              "timeouts": null,
              "trigger_http": null,
              "vpc_connector": "",
              "vpc_connector_egress_settings": ""
            },
            "sensitive_attributes": [],
            "private": "eyJlMmJmYjczMC1lY2FhLTExZTYtOGY4OC0zNDM2M2JjN2M0YzAiOnsiY3JlYXRlIjozMDAwMDAwMDAwMDAsImRlbGV0ZSI6MzAwMDAwMDAwMDAwLCJyZWFkIjozMDAwMDAwMDAwMDAsInVwZGF0ZSI6MzAwMDAwMDAwMDAwfX0=",
            "dependencies": [
              "google_dataproc_workflow_template.dataproc",
              "google_secret_manager_secret.secret",
              "google_storage_bucket.tmp-dataproc",
              "google_storage_bucket.raw",
              "google_storage_bucket.staging",
              "google_storage_bucket_object.read-file-code",
              "data.archive_file.read-file-zip",
              "google_storage_bucket.codigos",
              "google_storage_bucket.lnd"
            ]
          },
          {
            "index_key": 4,
            "schema_version": 0,
            "attributes": {
              "available_memory_mb": 1024,
              "build_environment_variables": null,
              "description": "",
              "docker_registry": "CONTAINER_REGISTRY",
              "docker_repository": "",
              "entry_point": "main",
              "environment_variables": {
                "AVERTISING_ID": "ype",
                "BUCKET_STAGING": "rel001-advertising-ype-stg-7okpl",
                "DATAPROC_WORKFLOW_TEMPLATE": "rel001-advertising-ype",
                "ENV": "prod",
                "REGION": "us-central1",
                "SOLUCAO": "rel001-advertising",
                "TOPIC_REGISTER_STATUS": "projects/gglobo-relicario-pip-hdg-prd/topics/rel007-metricas-status-register",
                "TOPIC_START_DATAPROC": "projects/gglobo-relicario-pip-hdg-prd/topics/foundation-start-dataproc-workflow"
              },
              "event_trigger": [
                {
                  "event_type": "google.storage.object.finalize",
                  "failure_policy": [
                    {
                      "retry": false
                    }
                  ],
                  "resource": "projects/gglobo-relicario-pip-hdg-prd/buckets/rel001-advertising-ype-lnd-7okpl"
                }
              ],
              "https_trigger_security_level": null,
              "https_trigger_url": null,
              "id": "projects/gglobo-relicario-pip-hdg-prd/locations/us-central1/functions/rel001-advertising-read-file-ype",
              "ingress_settings": "ALLOW_ALL",
              "kms_key_name": "",
              "labels": {
                "advertiser": "ype",
                "branch": "master",
                "solucao": "rel001-advertising"
              },
              "max_instances": 0,
              "min_instances": 0,
              "name": "rel001-advertising-read-file-ype",
              "project": "gglobo-relicario-pip-hdg-prd",
              "region": "us-central1",
              "runtime": "python37",
              "secret_environment_variables": [],
              "secret_volumes": [],
              "service_account_email": "gglobo-relicario-pip-hdg-prd@appspot.gserviceaccount.com",
              "source_archive_bucket": "rel001-advertising-codigos-7okpl",
              "source_archive_object": "cloudfunction/read_file-d0b6336f1fb7b1a0d7e54d8ac003b4bd9563faeb.zip",
              "source_repository": [],
              "timeout": 540,
              "timeouts": null,
              "trigger_http": null,
              "vpc_connector": "",
              "vpc_connector_egress_settings": ""
            },
            "sensitive_attributes": [],
            "private": "eyJlMmJmYjczMC1lY2FhLTExZTYtOGY4OC0zNDM2M2JjN2M0YzAiOnsiY3JlYXRlIjozMDAwMDAwMDAwMDAsImRlbGV0ZSI6MzAwMDAwMDAwMDAwLCJyZWFkIjozMDAwMDAwMDAwMDAsInVwZGF0ZSI6MzAwMDAwMDAwMDAwfX0=",
            "dependencies": [
              "google_secret_manager_secret.secret",
              "google_storage_bucket.codigos",
              "google_storage_bucket.staging",
              "google_storage_bucket.tmp-dataproc",
              "data.archive_file.read-file-zip",
              "google_dataproc_workflow_template.dataproc",
              "google_storage_bucket.lnd",
              "google_storage_bucket.raw",
              "google_storage_bucket_object.read-file-code"
            ]
          }
        ]
      },
      {
        "mode": "managed",
        "type": "google_dataproc_workflow_template",
        "name": "dataproc",
        "provider": "provider[\"registry.terraform.io/hashicorp/google\"]",
        "instances": [
          {
            "index_key": 0,
            "schema_version": 0,
            "attributes": {
              "create_time": "2022-07-01T19:10:05.406957Z",
              "dag_timeout": "",
              "id": "projects/gglobo-relicario-pip-hdg-prd/locations/us-central1/workflowTemplates/rel001-advertising-gm",
              "jobs": [
                {
                  "hadoop_job": [],
                  "hive_job": [],
                  "labels": {},
                  "pig_job": [],
                  "prerequisite_step_ids": [],
                  "presto_job": [],
                  "pyspark_job": [
                    {
                      "archive_uris": [],
                      "args": [
                        "FILE_NAME",
                        "BUCKET",
                        "ONBOARDING_ID",
                        "RUN_LIST",
                        "prod",
                        "gglobo-relicario-pip-hdg-prd",
                        "rel001-advertising",
                        "load",
                        "gm",
                        "rel001-advertising-gm-stg-7okpl",
                        "rel001-advertising-gm-raw-7okpl",
                        "rel001-advertising-tmp-dataproc-7okpl",
                        "gglobo-relicario-pip-hdg-prd",
                        "rel001-advertising-gm",
                        "rel001-advertising-codigos-7okpl",
                        "projects/gglobo-relicario-pip-hdg-prd/topics/rel007-metricas-status-register",
                        "rel003-match-gm",
                        "us-central1",
                        "projects/gglobo-relicario-pip-hdg-prd/topics/foundation-start-dataproc-workflow"
                      ],
                      "file_uris": [],
                      "jar_file_uris": [],
                      "logging_config": [],
                      "main_python_file_uri": "gs://rel001-advertising-codigos-7okpl/dataproc/onboarding/load-advertiser.py",
                      "properties": {},
                      "python_file_uris": []
                    }
                  ],
                  "scheduling": [],
                  "spark_job": [],
                  "spark_r_job": [],
                  "spark_sql_job": [],
                  "step_id": "load"
                }
              ],
              "labels": {
                "advertiser": "gm",
                "branch": "master",
                "solucao": "rel001-advertising"
              },
              "location": "us-central1",
              "name": "rel001-advertising-gm",
              "parameters": [
                {
                  "description": "",
                  "fields": [
                    "jobs['load'].pysparkJob.args[0]"
                  ],
                  "name": "FILE_NAME",
                  "validation": []
                },
                {
                  "description": "",
                  "fields": [
                    "jobs['load'].pysparkJob.args[1]"
                  ],
                  "name": "BUCKET",
                  "validation": []
                },
                {
                  "description": "",
                  "fields": [
                    "jobs['load'].pysparkJob.args[2]"
                  ],
                  "name": "ONBOARDING_ID",
                  "validation": []
                },
                {
                  "description": "",
                  "fields": [
                    "jobs['load'].pysparkJob.args[3]"
                  ],
                  "name": "RUN_LIST",
                  "validation": []
                }
              ],
              "placement": [
                {
                  "cluster_selector": [],
                  "managed_cluster": [
                    {
                      "cluster_name": "rel001-gm",
                      "config": [
                        {
                          "autoscaling_config": [],
                          "encryption_config": [],
                          "endpoint_config": [],
                          "gce_cluster_config": [
                            {
                              "internal_ip_only": true,
                              "metadata": {},
                              "network": "",
                              "node_group_affinity": [],
                              "private_ipv6_google_access": "",
                              "reservation_affinity": [],
                              "service_account": "",
                              "service_account_scopes": [
                                "https://www.googleapis.com/auth/cloud-platform"
                              ],
                              "subnetwork": "projects/gglobo-network-hdg-spk-prod/regions/us-central1/subnetworks/sb-relicario-pip-us-c1-hdg-prd",
                              "tags": [],
                              "zone": "us-central1-b"
                            }
                          ],
                          "initialization_actions": [
                            {
                              "executable_file": "gs://rel001-advertising-codigos-7okpl/dataproc/bootstrap.sh",
                              "execution_timeout": ""
                            }
                          ],
                          "lifecycle_config": [],
                          "master_config": [
                            {
                              "accelerators": [],
                              "disk_config": [
                                {
                                  "boot_disk_size_gb": 100,
                                  "boot_disk_type": "pd-standard",
                                  "num_local_ssds": 0
                                }
                              ],
                              "image": "",
                              "instance_names": [],
                              "is_preemptible": false,
                              "machine_type": "n1-highmem-8",
                              "managed_group_config": [],
                              "min_cpu_platform": "",
                              "num_instances": 1,
                              "preemptibility": ""
                            }
                          ],
                          "secondary_worker_config": [],
                          "security_config": [],
                          "software_config": [
                            {
                              "image_version": "1.5",
                              "optional_components": [],
                              "properties": {
                                "spark:spark.dynamicAllocation.enabled": "true",
                                "spark:spark.jars": "gs://spark-lib/bigquery/spark-bigquery-with-dependencies_2.12-0.24.2.jar",
                                "spark:spark.jars.ivySettings": "/tmp/ivy-settings.xml",
                                "spark:spark.jars.repositories": "https://artifactory.globoi.com/",
                                "spark:spark.sql.sources.partitionOverwriteMode": "dynamic"
                              }
                            }
                          ],
                          "staging_bucket": "rel001-advertising-tmp-dataproc-7okpl",
                          "temp_bucket": "",
                          "worker_config": [
                            {
                              "accelerators": [],
                              "disk_config": [
                                {
                                  "boot_disk_size_gb": 100,
                                  "boot_disk_type": "pd-standard",
                                  "num_local_ssds": 0
                                }
                              ],
                              "image": "",
                              "instance_names": [],
                              "is_preemptible": false,
                              "machine_type": "n1-highmem-8",
                              "managed_group_config": [],
                              "min_cpu_platform": "",
                              "num_instances": 2,
                              "preemptibility": ""
                            }
                          ]
                        }
                      ],
                      "labels": {}
                    }
                  ]
                }
              ],
              "project": "gglobo-relicario-pip-hdg-prd",
              "timeouts": null,
              "update_time": "2022-07-01T19:10:05.406957Z",
              "version": 1
            },
            "sensitive_attributes": [],
            "private": "eyJlMmJmYjczMC1lY2FhLTExZTYtOGY4OC0zNDM2M2JjN2M0YzAiOnsiY3JlYXRlIjoxMjAwMDAwMDAwMDAwLCJkZWxldGUiOjEyMDAwMDAwMDAwMDB9fQ==",
            "dependencies": [
              "google_secret_manager_secret.secret",
              "google_storage_bucket.codigos",
              "google_storage_bucket.raw",
              "google_storage_bucket.staging",
              "google_storage_bucket.tmp-dataproc"
            ]
          },
          {
            "index_key": 3,
            "schema_version": 0,
            "attributes": {
              "create_time": "2022-07-01T19:10:05.674956Z",
              "dag_timeout": "",
              "id": "projects/gglobo-relicario-pip-hdg-prd/locations/us-central1/workflowTemplates/rel001-advertising-cogna",
              "jobs": [
                {
                  "hadoop_job": [],
                  "hive_job": [],
                  "labels": {},
                  "pig_job": [],
                  "prerequisite_step_ids": [],
                  "presto_job": [],
                  "pyspark_job": [
                    {
                      "archive_uris": [],
                      "args": [
                        "FILE_NAME",
                        "BUCKET",
                        "ONBOARDING_ID",
                        "RUN_LIST",
                        "prod",
                        "gglobo-relicario-pip-hdg-prd",
                        "rel001-advertising",
                        "load",
                        "cogna",
                        "rel001-advertising-cogna-stg-7okpl",
                        "rel001-advertising-cogna-raw-7okpl",
                        "rel001-advertising-tmp-dataproc-7okpl",
                        "gglobo-relicario-pip-hdg-prd",
                        "rel001-advertising-cogna",
                        "rel001-advertising-codigos-7okpl",
                        "projects/gglobo-relicario-pip-hdg-prd/topics/rel007-metricas-status-register",
                        "rel003-match-cogna",
                        "us-central1",
                        "projects/gglobo-relicario-pip-hdg-prd/topics/foundation-start-dataproc-workflow"
                      ],
                      "file_uris": [],
                      "jar_file_uris": [],
                      "logging_config": [],
                      "main_python_file_uri": "gs://rel001-advertising-codigos-7okpl/dataproc/onboarding/load-advertiser.py",
                      "properties": {},
                      "python_file_uris": []
                    }
                  ],
                  "scheduling": [],
                  "spark_job": [],
                  "spark_r_job": [],
                  "spark_sql_job": [],
                  "step_id": "load"
                }
              ],
              "labels": {
                "advertiser": "cogna",
                "branch": "master",
                "solucao": "rel001-advertising"
              },
              "location": "us-central1",
              "name": "rel001-advertising-cogna",
              "parameters": [
                {
                  "description": "",
                  "fields": [
                    "jobs['load'].pysparkJob.args[0]"
                  ],
                  "name": "FILE_NAME",
                  "validation": []
                },
                {
                  "description": "",
                  "fields": [
                    "jobs['load'].pysparkJob.args[1]"
                  ],
                  "name": "BUCKET",
                  "validation": []
                },
                {
                  "description": "",
                  "fields": [
                    "jobs['load'].pysparkJob.args[2]"
                  ],
                  "name": "ONBOARDING_ID",
                  "validation": []
                },
                {
                  "description": "",
                  "fields": [
                    "jobs['load'].pysparkJob.args[3]"
                  ],
                  "name": "RUN_LIST",
                  "validation": []
                }
              ],
              "placement": [
                {
                  "cluster_selector": [],
                  "managed_cluster": [
                    {
                      "cluster_name": "rel001-cogna",
                      "config": [
                        {
                          "autoscaling_config": [],
                          "encryption_config": [],
                          "endpoint_config": [],
                          "gce_cluster_config": [
                            {
                              "internal_ip_only": true,
                              "metadata": {},
                              "network": "",
                              "node_group_affinity": [],
                              "private_ipv6_google_access": "",
                              "reservation_affinity": [],
                              "service_account": "",
                              "service_account_scopes": [
                                "https://www.googleapis.com/auth/cloud-platform"
                              ],
                              "subnetwork": "projects/gglobo-network-hdg-spk-prod/regions/us-central1/subnetworks/sb-relicario-pip-us-c1-hdg-prd",
                              "tags": [],
                              "zone": "us-central1-b"
                            }
                          ],
                          "initialization_actions": [
                            {
                              "executable_file": "gs://rel001-advertising-codigos-7okpl/dataproc/bootstrap.sh",
                              "execution_timeout": ""
                            }
                          ],
                          "lifecycle_config": [],
                          "master_config": [
                            {
                              "accelerators": [],
                              "disk_config": [
                                {
                                  "boot_disk_size_gb": 100,
                                  "boot_disk_type": "pd-standard",
                                  "num_local_ssds": 0
                                }
                              ],
                              "image": "",
                              "instance_names": [],
                              "is_preemptible": false,
                              "machine_type": "n1-highmem-8",
                              "managed_group_config": [],
                              "min_cpu_platform": "",
                              "num_instances": 1,
                              "preemptibility": ""
                            }
                          ],
                          "secondary_worker_config": [],
                          "security_config": [],
                          "software_config": [
                            {
                              "image_version": "1.5",
                              "optional_components": [],
                              "properties": {
                                "spark:spark.dynamicAllocation.enabled": "true",
                                "spark:spark.jars": "gs://spark-lib/bigquery/spark-bigquery-with-dependencies_2.12-0.24.2.jar",
                                "spark:spark.jars.ivySettings": "/tmp/ivy-settings.xml",
                                "spark:spark.jars.repositories": "https://artifactory.globoi.com/",
                                "spark:spark.sql.sources.partitionOverwriteMode": "dynamic"
                              }
                            }
                          ],
                          "staging_bucket": "rel001-advertising-tmp-dataproc-7okpl",
                          "temp_bucket": "",
                          "worker_config": [
                            {
                              "accelerators": [],
                              "disk_config": [
                                {
                                  "boot_disk_size_gb": 100,
                                  "boot_disk_type": "pd-standard",
                                  "num_local_ssds": 0
                                }
                              ],
                              "image": "",
                              "instance_names": [],
                              "is_preemptible": false,
                              "machine_type": "n1-highmem-8",
                              "managed_group_config": [],
                              "min_cpu_platform": "",
                              "num_instances": 2,
                              "preemptibility": ""
                            }
                          ]
                        }
                      ],
                      "labels": {}
                    }
                  ]
                }
              ],
              "project": "gglobo-relicario-pip-hdg-prd",
              "timeouts": null,
              "update_time": "2022-07-01T19:10:05.674956Z",
              "version": 1
            },
            "sensitive_attributes": [],
            "private": "eyJlMmJmYjczMC1lY2FhLTExZTYtOGY4OC0zNDM2M2JjN2M0YzAiOnsiY3JlYXRlIjoxMjAwMDAwMDAwMDAwLCJkZWxldGUiOjEyMDAwMDAwMDAwMDB9fQ==",
            "dependencies": [
              "google_storage_bucket.staging",
              "google_storage_bucket.tmp-dataproc",
              "google_secret_manager_secret.secret",
              "google_storage_bucket.codigos",
              "google_storage_bucket.raw"
            ]
          },
          {
            "index_key": 4,
            "schema_version": 0,
            "attributes": {
              "create_time": "2022-07-01T19:10:05.397066Z",
              "dag_timeout": "",
              "id": "projects/gglobo-relicario-pip-hdg-prd/locations/us-central1/workflowTemplates/rel001-advertising-ype",
              "jobs": [
                {
                  "hadoop_job": [],
                  "hive_job": [],
                  "labels": {},
                  "pig_job": [],
                  "prerequisite_step_ids": [],
                  "presto_job": [],
                  "pyspark_job": [
                    {
                      "archive_uris": [],
                      "args": [
                        "FILE_NAME",
                        "BUCKET",
                        "ONBOARDING_ID",
                        "RUN_LIST",
                        "prod",
                        "gglobo-relicario-pip-hdg-prd",
                        "rel001-advertising",
                        "load",
                        "ype",
                        "rel001-advertising-ype-stg-7okpl",
                        "rel001-advertising-ype-raw-7okpl",
                        "rel001-advertising-tmp-dataproc-7okpl",
                        "gglobo-relicario-pip-hdg-prd",
                        "rel001-advertising-ype",
                        "rel001-advertising-codigos-7okpl",
                        "projects/gglobo-relicario-pip-hdg-prd/topics/rel007-metricas-status-register",
                        "rel003-match-ype",
                        "us-central1",
                        "projects/gglobo-relicario-pip-hdg-prd/topics/foundation-start-dataproc-workflow"
                      ],
                      "file_uris": [],
                      "jar_file_uris": [],
                      "logging_config": [],
                      "main_python_file_uri": "gs://rel001-advertising-codigos-7okpl/dataproc/onboarding/load-advertiser.py",
                      "properties": {},
                      "python_file_uris": []
                    }
                  ],
                  "scheduling": [],
                  "spark_job": [],
                  "spark_r_job": [],
                  "spark_sql_job": [],
                  "step_id": "load"
                }
              ],
              "labels": {
                "advertiser": "ype",
                "branch": "master",
                "solucao": "rel001-advertising"
              },
              "location": "us-central1",
              "name": "rel001-advertising-ype",
              "parameters": [
                {
                  "description": "",
                  "fields": [
                    "jobs['load'].pysparkJob.args[0]"
                  ],
                  "name": "FILE_NAME",
                  "validation": []
                },
                {
                  "description": "",
                  "fields": [
                    "jobs['load'].pysparkJob.args[1]"
                  ],
                  "name": "BUCKET",
                  "validation": []
                },
                {
                  "description": "",
                  "fields": [
                    "jobs['load'].pysparkJob.args[2]"
                  ],
                  "name": "ONBOARDING_ID",
                  "validation": []
                },
                {
                  "description": "",
                  "fields": [
                    "jobs['load'].pysparkJob.args[3]"
                  ],
                  "name": "RUN_LIST",
                  "validation": []
                }
              ],
              "placement": [
                {
                  "cluster_selector": [],
                  "managed_cluster": [
                    {
                      "cluster_name": "rel001-ype",
                      "config": [
                        {
                          "autoscaling_config": [],
                          "encryption_config": [],
                          "endpoint_config": [],
                          "gce_cluster_config": [
                            {
                              "internal_ip_only": true,
                              "metadata": {},
                              "network": "",
                              "node_group_affinity": [],
                              "private_ipv6_google_access": "",
                              "reservation_affinity": [],
                              "service_account": "",
                              "service_account_scopes": [
                                "https://www.googleapis.com/auth/cloud-platform"
                              ],
                              "subnetwork": "projects/gglobo-network-hdg-spk-prod/regions/us-central1/subnetworks/sb-relicario-pip-us-c1-hdg-prd",
                              "tags": [],
                              "zone": "us-central1-b"
                            }
                          ],
                          "initialization_actions": [
                            {
                              "executable_file": "gs://rel001-advertising-codigos-7okpl/dataproc/bootstrap.sh",
                              "execution_timeout": ""
                            }
                          ],
                          "lifecycle_config": [],
                          "master_config": [
                            {
                              "accelerators": [],
                              "disk_config": [
                                {
                                  "boot_disk_size_gb": 100,
                                  "boot_disk_type": "pd-standard",
                                  "num_local_ssds": 0
                                }
                              ],
                              "image": "",
                              "instance_names": [],
                              "is_preemptible": false,
                              "machine_type": "n1-highmem-8",
                              "managed_group_config": [],
                              "min_cpu_platform": "",
                              "num_instances": 1,
                              "preemptibility": ""
                            }
                          ],
                          "secondary_worker_config": [],
                          "security_config": [],
                          "software_config": [
                            {
                              "image_version": "1.5",
                              "optional_components": [],
                              "properties": {
                                "spark:spark.dynamicAllocation.enabled": "true",
                                "spark:spark.jars": "gs://spark-lib/bigquery/spark-bigquery-with-dependencies_2.12-0.24.2.jar",
                                "spark:spark.jars.ivySettings": "/tmp/ivy-settings.xml",
                                "spark:spark.jars.repositories": "https://artifactory.globoi.com/",
                                "spark:spark.sql.sources.partitionOverwriteMode": "dynamic"
                              }
                            }
                          ],
                          "staging_bucket": "rel001-advertising-tmp-dataproc-7okpl",
                          "temp_bucket": "",
                          "worker_config": [
                            {
                              "accelerators": [],
                              "disk_config": [
                                {
                                  "boot_disk_size_gb": 100,
                                  "boot_disk_type": "pd-standard",
                                  "num_local_ssds": 0
                                }
                              ],
                              "image": "",
                              "instance_names": [],
                              "is_preemptible": false,
                              "machine_type": "n1-highmem-8",
                              "managed_group_config": [],
                              "min_cpu_platform": "",
                              "num_instances": 2,
                              "preemptibility": ""
                            }
                          ]
                        }
                      ],
                      "labels": {}
                    }
                  ]
                }
              ],
              "project": "gglobo-relicario-pip-hdg-prd",
              "timeouts": null,
              "update_time": "2022-07-01T19:10:05.397066Z",
              "version": 1
            },
            "sensitive_attributes": [],
            "private": "eyJlMmJmYjczMC1lY2FhLTExZTYtOGY4OC0zNDM2M2JjN2M0YzAiOnsiY3JlYXRlIjoxMjAwMDAwMDAwMDAwLCJkZWxldGUiOjEyMDAwMDAwMDAwMDB9fQ==",
            "dependencies": [
              "google_storage_bucket.tmp-dataproc",
              "google_secret_manager_secret.secret",
              "google_storage_bucket.codigos",
              "google_storage_bucket.raw",
              "google_storage_bucket.staging"
            ]
          }
        ]
      },
      {
        "mode": "managed",
        "type": "google_secret_manager_secret",
        "name": "secret",
        "provider": "provider[\"registry.terraform.io/hashicorp/google-beta\"]",
        "instances": [
          {
            "index_key": 0,
            "schema_version": 0,
            "attributes": {
              "create_time": "2022-03-30T21:15:39.584676Z",
              "expire_time": "",
              "id": "projects/gglobo-relicario-pip-hdg-prd/secrets/rel001-advertising-gm",
              "labels": {},
              "name": "projects/473083632894/secrets/rel001-advertising-gm",
              "project": "gglobo-relicario-pip-hdg-prd",
              "replication": [
                {
                  "automatic": false,
                  "user_managed": [
                    {
                      "replicas": [
                        {
                          "customer_managed_encryption": [],
                          "location": "us-central1"
                        }
                      ]
                    }
                  ]
                }
              ],
              "rotation": [],
              "secret_id": "rel001-advertising-gm",
              "timeouts": null,
              "topics": [],
              "ttl": null
            },
            "sensitive_attributes": [],
            "private": "eyJlMmJmYjczMC1lY2FhLTExZTYtOGY4OC0zNDM2M2JjN2M0YzAiOnsiY3JlYXRlIjoxMjAwMDAwMDAwMDAwLCJkZWxldGUiOjEyMDAwMDAwMDAwMDAsInVwZGF0ZSI6MTIwMDAwMDAwMDAwMH19"
          },
          {
            "index_key": 1,
            "schema_version": 0,
            "attributes": {
              "create_time": "2022-04-12T14:43:37.810262Z",
              "expire_time": "",
              "id": "projects/gglobo-relicario-pip-hdg-prd/secrets/rel001-advertising-nubank",
              "labels": {},
              "name": "projects/473083632894/secrets/rel001-advertising-nubank",
              "project": "gglobo-relicario-pip-hdg-prd",
              "replication": [
                {
                  "automatic": false,
                  "user_managed": [
                    {
                      "replicas": [
                        {
                          "customer_managed_encryption": [],
                          "location": "us-central1"
                        }
                      ]
                    }
                  ]
                }
              ],
              "rotation": [],
              "secret_id": "rel001-advertising-nubank",
              "timeouts": null,
              "topics": [],
              "ttl": null
            },
            "sensitive_attributes": [],
            "private": "eyJlMmJmYjczMC1lY2FhLTExZTYtOGY4OC0zNDM2M2JjN2M0YzAiOnsiY3JlYXRlIjoxMjAwMDAwMDAwMDAwLCJkZWxldGUiOjEyMDAwMDAwMDAwMDAsInVwZGF0ZSI6MTIwMDAwMDAwMDAwMH19"
          },
          {
            "index_key": 2,
            "schema_version": 0,
            "attributes": {
              "create_time": "2022-04-12T14:43:37.813111Z",
              "expire_time": "",
              "id": "projects/gglobo-relicario-pip-hdg-prd/secrets/rel001-advertising-creditas",
              "labels": {},
              "name": "projects/473083632894/secrets/rel001-advertising-creditas",
              "project": "gglobo-relicario-pip-hdg-prd",
              "replication": [
                {
                  "automatic": false,
                  "user_managed": [
                    {
                      "replicas": [
                        {
                          "customer_managed_encryption": [],
                          "location": "us-central1"
                        }
                      ]
                    }
                  ]
                }
              ],
              "rotation": [],
              "secret_id": "rel001-advertising-creditas",
              "timeouts": null,
              "topics": [],
              "ttl": null
            },
            "sensitive_attributes": [],
            "private": "eyJlMmJmYjczMC1lY2FhLTExZTYtOGY4OC0zNDM2M2JjN2M0YzAiOnsiY3JlYXRlIjoxMjAwMDAwMDAwMDAwLCJkZWxldGUiOjEyMDAwMDAwMDAwMDAsInVwZGF0ZSI6MTIwMDAwMDAwMDAwMH19"
          },
          {
            "index_key": 3,
            "schema_version": 0,
            "attributes": {
              "create_time": "2022-04-20T12:10:17.910274Z",
              "expire_time": "",
              "id": "projects/gglobo-relicario-pip-hdg-prd/secrets/rel001-advertising-cogna",
              "labels": {},
              "name": "projects/473083632894/secrets/rel001-advertising-cogna",
              "project": "gglobo-relicario-pip-hdg-prd",
              "replication": [
                {
                  "automatic": false,
                  "user_managed": [
                    {
                      "replicas": [
                        {
                          "customer_managed_encryption": [],
                          "location": "us-central1"
                        }
                      ]
                    }
                  ]
                }
              ],
              "rotation": [],
              "secret_id": "rel001-advertising-cogna",
              "timeouts": null,
              "topics": [],
              "ttl": null
            },
            "sensitive_attributes": [],
            "private": "eyJlMmJmYjczMC1lY2FhLTExZTYtOGY4OC0zNDM2M2JjN2M0YzAiOnsiY3JlYXRlIjoxMjAwMDAwMDAwMDAwLCJkZWxldGUiOjEyMDAwMDAwMDAwMDAsInVwZGF0ZSI6MTIwMDAwMDAwMDAwMH19"
          },
          {
            "index_key": 4,
            "schema_version": 0,
            "attributes": {
              "create_time": "2022-07-01T19:10:04.494269Z",
              "expire_time": "",
              "id": "projects/gglobo-relicario-pip-hdg-prd/secrets/rel001-advertising-ype",
              "labels": {},
              "name": "projects/473083632894/secrets/rel001-advertising-ype",
              "project": "gglobo-relicario-pip-hdg-prd",
              "replication": [
                {
                  "automatic": false,
                  "user_managed": [
                    {
                      "replicas": [
                        {
                          "customer_managed_encryption": [],
                          "location": "us-central1"
                        }
                      ]
                    }
                  ]
                }
              ],
              "rotation": [],
              "secret_id": "rel001-advertising-ype",
              "timeouts": null,
              "topics": [],
              "ttl": null
            },
            "sensitive_attributes": [],
            "private": "eyJlMmJmYjczMC1lY2FhLTExZTYtOGY4OC0zNDM2M2JjN2M0YzAiOnsiY3JlYXRlIjoxMjAwMDAwMDAwMDAwLCJkZWxldGUiOjEyMDAwMDAwMDAwMDAsInVwZGF0ZSI6MTIwMDAwMDAwMDAwMH19"
          }
        ]
      },
      {
        "mode": "managed",
        "type": "google_secret_manager_secret_version",
        "name": "password-secret",
        "provider": "provider[\"registry.terraform.io/hashicorp/google\"]",
        "instances": [
          {
            "index_key": 0,
            "schema_version": 0,
            "attributes": {
              "create_time": "2022-03-30T21:15:41.117556Z",
              "destroy_time": "",
              "enabled": true,
              "id": "projects/473083632894/secrets/rel001-advertising-gm/versions/1",
              "name": "projects/473083632894/secrets/rel001-advertising-gm/versions/1",
              "secret": "projects/gglobo-relicario-pip-hdg-prd/secrets/rel001-advertising-gm",
              "secret_data": "{ \"key\": \"6COJLf\u0026Xx[lIC]rl\" }",
              "timeouts": null
            },
            "sensitive_attributes": [
              [
                {
                  "type": "get_attr",
                  "value": "secret_data"
                }
              ]
            ],
            "private": "eyJlMmJmYjczMC1lY2FhLTExZTYtOGY4OC0zNDM2M2JjN2M0YzAiOnsiY3JlYXRlIjoxMjAwMDAwMDAwMDAwLCJkZWxldGUiOjEyMDAwMDAwMDAwMDB9fQ==",
            "dependencies": [
              "random_password.password",
              "google_secret_manager_secret.secret"
            ]
          },
          {
            "index_key": 1,
            "schema_version": 0,
            "attributes": {
              "create_time": "2022-04-12T14:43:38.875982Z",
              "destroy_time": "",
              "enabled": true,
              "id": "projects/473083632894/secrets/rel001-advertising-nubank/versions/1",
              "name": "projects/473083632894/secrets/rel001-advertising-nubank/versions/1",
              "secret": "projects/gglobo-relicario-pip-hdg-prd/secrets/rel001-advertising-nubank",
              "secret_data": "{ \"key\": \"CHXJue:ynh+MQ{Bu\" }",
              "timeouts": null
            },
            "sensitive_attributes": [
              [
                {
                  "type": "get_attr",
                  "value": "secret_data"
                }
              ]
            ],
            "private": "eyJlMmJmYjczMC1lY2FhLTExZTYtOGY4OC0zNDM2M2JjN2M0YzAiOnsiY3JlYXRlIjoxMjAwMDAwMDAwMDAwLCJkZWxldGUiOjEyMDAwMDAwMDAwMDB9fQ==",
            "dependencies": [
              "google_secret_manager_secret.secret",
              "random_password.password"
            ]
          },
          {
            "index_key": 2,
            "schema_version": 0,
            "attributes": {
              "create_time": "2022-04-12T14:43:38.875783Z",
              "destroy_time": "",
              "enabled": true,
              "id": "projects/473083632894/secrets/rel001-advertising-creditas/versions/1",
              "name": "projects/473083632894/secrets/rel001-advertising-creditas/versions/1",
              "secret": "projects/gglobo-relicario-pip-hdg-prd/secrets/rel001-advertising-creditas",
              "secret_data": "{ \"key\": \"=744D3\u003ez9u\u003chmQtv\" }",
              "timeouts": null
            },
            "sensitive_attributes": [
              [
                {
                  "type": "get_attr",
                  "value": "secret_data"
                }
              ]
            ],
            "private": "eyJlMmJmYjczMC1lY2FhLTExZTYtOGY4OC0zNDM2M2JjN2M0YzAiOnsiY3JlYXRlIjoxMjAwMDAwMDAwMDAwLCJkZWxldGUiOjEyMDAwMDAwMDAwMDB9fQ==",
            "dependencies": [
              "google_secret_manager_secret.secret",
              "random_password.password"
            ]
          },
          {
            "index_key": 3,
            "schema_version": 0,
            "attributes": {
              "create_time": "2022-04-20T12:10:18.953030Z",
              "destroy_time": "",
              "enabled": true,
              "id": "projects/473083632894/secrets/rel001-advertising-cogna/versions/1",
              "name": "projects/473083632894/secrets/rel001-advertising-cogna/versions/1",
              "secret": "projects/gglobo-relicario-pip-hdg-prd/secrets/rel001-advertising-cogna",
              "secret_data": "{ \"key\": \"=bO:]As0vVb%K1IS\" }",
              "timeouts": null
            },
            "sensitive_attributes": [
              [
                {
                  "type": "get_attr",
                  "value": "secret_data"
                }
              ]
            ],
            "private": "eyJlMmJmYjczMC1lY2FhLTExZTYtOGY4OC0zNDM2M2JjN2M0YzAiOnsiY3JlYXRlIjoxMjAwMDAwMDAwMDAwLCJkZWxldGUiOjEyMDAwMDAwMDAwMDB9fQ==",
            "dependencies": [
              "random_password.password",
              "google_secret_manager_secret.secret"
            ]
          },
          {
            "index_key": 4,
            "schema_version": 0,
            "attributes": {
              "create_time": "2022-07-01T19:10:05.586498Z",
              "destroy_time": "",
              "enabled": true,
              "id": "projects/473083632894/secrets/rel001-advertising-ype/versions/1",
              "name": "projects/473083632894/secrets/rel001-advertising-ype/versions/1",
              "secret": "projects/gglobo-relicario-pip-hdg-prd/secrets/rel001-advertising-ype",
              "secret_data": "{ \"key\": \"=GPVpcfN6!K9]CII\" }",
              "timeouts": null
            },
            "sensitive_attributes": [
              [
                {
                  "type": "get_attr",
                  "value": "secret_data"
                }
              ]
            ],
            "private": "eyJlMmJmYjczMC1lY2FhLTExZTYtOGY4OC0zNDM2M2JjN2M0YzAiOnsiY3JlYXRlIjoxMjAwMDAwMDAwMDAwLCJkZWxldGUiOjEyMDAwMDAwMDAwMDB9fQ==",
            "dependencies": [
              "google_secret_manager_secret.secret",
              "random_password.password"
            ]
          }
        ]
      },
      {
        "mode": "managed",
        "type": "google_storage_bucket",
        "name": "codigos",
        "provider": "provider[\"registry.terraform.io/hashicorp/google\"]",
        "instances": [
          {
            "schema_version": 0,
            "attributes": {
              "cors": [],
              "default_event_based_hold": false,
              "encryption": [],
              "force_destroy": false,
              "id": "rel001-advertising-codigos-7okpl",
              "labels": {
                "branch": "master",
                "solucao": "rel001-advertising"
              },
              "lifecycle_rule": [],
              "location": "US-CENTRAL1",
              "logging": [],
              "name": "rel001-advertising-codigos-7okpl",
              "project": "gglobo-relicario-pip-hdg-prd",
              "requester_pays": false,
              "retention_policy": [],
              "self_link": "https://www.googleapis.com/storage/v1/b/rel001-advertising-codigos-7okpl",
              "storage_class": "STANDARD",
              "timeouts": null,
              "uniform_bucket_level_access": true,
              "url": "gs://rel001-advertising-codigos-7okpl",
              "versioning": [],
              "website": []
            },
            "sensitive_attributes": [],
            "private": "eyJlMmJmYjczMC1lY2FhLTExZTYtOGY4OC0zNDM2M2JjN2M0YzAiOnsiY3JlYXRlIjoyNDAwMDAwMDAwMDAsInJlYWQiOjI0MDAwMDAwMDAwMCwidXBkYXRlIjoyNDAwMDAwMDAwMDB9fQ=="
          }
        ]
      },
      {
        "mode": "managed",
        "type": "google_storage_bucket",
        "name": "lnd",
        "provider": "provider[\"registry.terraform.io/hashicorp/google\"]",
        "instances": [
          {
            "index_key": 0,
            "schema_version": 0,
            "attributes": {
              "cors": [],
              "default_event_based_hold": false,
              "encryption": [],
              "force_destroy": false,
              "id": "rel001-advertising-gm-lnd-7okpl",
              "labels": {
                "advertiser": "gm",
                "branch": "master",
                "solucao": "rel001-advertising"
              },
              "lifecycle_rule": [],
              "location": "US-CENTRAL1",
              "logging": [],
              "name": "rel001-advertising-gm-lnd-7okpl",
              "project": "gglobo-relicario-pip-hdg-prd",
              "requester_pays": false,
              "retention_policy": [],
              "self_link": "https://www.googleapis.com/storage/v1/b/rel001-advertising-gm-lnd-7okpl",
              "storage_class": "STANDARD",
              "timeouts": null,
              "uniform_bucket_level_access": true,
              "url": "gs://rel001-advertising-gm-lnd-7okpl",
              "versioning": [],
              "website": []
            },
            "sensitive_attributes": [],
            "private": "eyJlMmJmYjczMC1lY2FhLTExZTYtOGY4OC0zNDM2M2JjN2M0YzAiOnsiY3JlYXRlIjoyNDAwMDAwMDAwMDAsInJlYWQiOjI0MDAwMDAwMDAwMCwidXBkYXRlIjoyNDAwMDAwMDAwMDB9fQ=="
          },
          {
            "index_key": 1,
            "schema_version": 0,
            "attributes": {
              "cors": [],
              "default_event_based_hold": false,
              "encryption": [],
              "force_destroy": false,
              "id": "rel001-advertising-creditas-lnd-7okpl",
              "labels": {
                "advertiser": "creditas",
                "branch": "master",
                "solucao": "rel001-advertising"
              },
              "lifecycle_rule": [],
              "location": "US-CENTRAL1",
              "logging": [],
              "name": "rel001-advertising-creditas-lnd-7okpl",
              "project": "gglobo-relicario-pip-hdg-prd",
              "requester_pays": false,
              "retention_policy": [],
              "self_link": "https://www.googleapis.com/storage/v1/b/rel001-advertising-creditas-lnd-7okpl",
              "storage_class": "STANDARD",
              "timeouts": null,
              "uniform_bucket_level_access": true,
              "url": "gs://rel001-advertising-creditas-lnd-7okpl",
              "versioning": [],
              "website": []
            },
            "sensitive_attributes": [],
            "private": "eyJlMmJmYjczMC1lY2FhLTExZTYtOGY4OC0zNDM2M2JjN2M0YzAiOnsiY3JlYXRlIjoyNDAwMDAwMDAwMDAsInJlYWQiOjI0MDAwMDAwMDAwMCwidXBkYXRlIjoyNDAwMDAwMDAwMDB9fQ=="
          },
          {
            "index_key": 2,
            "schema_version": 0,
            "attributes": {
              "cors": [],
              "default_event_based_hold": false,
              "encryption": [],
              "force_destroy": false,
              "id": "rel001-advertising-nubank-lnd-7okpl",
              "labels": {
                "advertiser": "nubank",
                "branch": "master",
                "solucao": "rel001-advertising"
              },
              "lifecycle_rule": [],
              "location": "US-CENTRAL1",
              "logging": [],
              "name": "rel001-advertising-nubank-lnd-7okpl",
              "project": "gglobo-relicario-pip-hdg-prd",
              "requester_pays": false,
              "retention_policy": [],
              "self_link": "https://www.googleapis.com/storage/v1/b/rel001-advertising-nubank-lnd-7okpl",
              "storage_class": "STANDARD",
              "timeouts": null,
              "uniform_bucket_level_access": true,
              "url": "gs://rel001-advertising-nubank-lnd-7okpl",
              "versioning": [],
              "website": []
            },
            "sensitive_attributes": [],
            "private": "eyJlMmJmYjczMC1lY2FhLTExZTYtOGY4OC0zNDM2M2JjN2M0YzAiOnsiY3JlYXRlIjoyNDAwMDAwMDAwMDAsInJlYWQiOjI0MDAwMDAwMDAwMCwidXBkYXRlIjoyNDAwMDAwMDAwMDB9fQ=="
          },
          {
            "index_key": 3,
            "schema_version": 0,
            "attributes": {
              "cors": [],
              "default_event_based_hold": false,
              "encryption": [],
              "force_destroy": false,
              "id": "rel001-advertising-cogna-lnd-7okpl",
              "labels": {
                "advertiser": "cogna",
                "branch": "master",
                "solucao": "rel001-advertising"
              },
              "lifecycle_rule": [],
              "location": "US-CENTRAL1",
              "logging": [],
              "name": "rel001-advertising-cogna-lnd-7okpl",
              "project": "gglobo-relicario-pip-hdg-prd",
              "requester_pays": false,
              "retention_policy": [],
              "self_link": "https://www.googleapis.com/storage/v1/b/rel001-advertising-cogna-lnd-7okpl",
              "storage_class": "STANDARD",
              "timeouts": null,
              "uniform_bucket_level_access": true,
              "url": "gs://rel001-advertising-cogna-lnd-7okpl",
              "versioning": [],
              "website": []
            },
            "sensitive_attributes": [],
            "private": "eyJlMmJmYjczMC1lY2FhLTExZTYtOGY4OC0zNDM2M2JjN2M0YzAiOnsiY3JlYXRlIjoyNDAwMDAwMDAwMDAsInJlYWQiOjI0MDAwMDAwMDAwMCwidXBkYXRlIjoyNDAwMDAwMDAwMDB9fQ=="
          },
          {
            "index_key": 4,
            "schema_version": 0,
            "attributes": {
              "cors": [],
              "default_event_based_hold": false,
              "encryption": [],
              "force_destroy": false,
              "id": "rel001-advertising-ype-lnd-7okpl",
              "labels": {
                "advertiser": "ype",
                "branch": "master",
                "solucao": "rel001-advertising"
              },
              "lifecycle_rule": [],
              "location": "US-CENTRAL1",
              "logging": [],
              "name": "rel001-advertising-ype-lnd-7okpl",
              "project": "gglobo-relicario-pip-hdg-prd",
              "requester_pays": false,
              "retention_policy": [],
              "self_link": "https://www.googleapis.com/storage/v1/b/rel001-advertising-ype-lnd-7okpl",
              "storage_class": "STANDARD",
              "timeouts": null,
              "uniform_bucket_level_access": true,
              "url": "gs://rel001-advertising-ype-lnd-7okpl",
              "versioning": [],
              "website": []
            },
            "sensitive_attributes": [],
            "private": "eyJlMmJmYjczMC1lY2FhLTExZTYtOGY4OC0zNDM2M2JjN2M0YzAiOnsiY3JlYXRlIjoyNDAwMDAwMDAwMDAsInJlYWQiOjI0MDAwMDAwMDAwMCwidXBkYXRlIjoyNDAwMDAwMDAwMDB9fQ=="
          }
        ]
      },
      {
        "mode": "managed",
        "type": "google_storage_bucket",
        "name": "raw",
        "provider": "provider[\"registry.terraform.io/hashicorp/google\"]",
        "instances": [
          {
            "index_key": 0,
            "schema_version": 0,
            "attributes": {
              "cors": [],
              "default_event_based_hold": false,
              "encryption": [],
              "force_destroy": false,
              "id": "rel001-advertising-gm-raw-7okpl",
              "labels": {
                "advertiser": "gm",
                "branch": "master",
                "solucao": "rel001-advertising"
              },
              "lifecycle_rule": [],
              "location": "US-CENTRAL1",
              "logging": [],
              "name": "rel001-advertising-gm-raw-7okpl",
              "project": "gglobo-relicario-hdg-prd",
              "requester_pays": false,
              "retention_policy": [],
              "self_link": "https://www.googleapis.com/storage/v1/b/rel001-advertising-gm-raw-7okpl",
              "storage_class": "STANDARD",
              "timeouts": null,
              "uniform_bucket_level_access": true,
              "url": "gs://rel001-advertising-gm-raw-7okpl",
              "versioning": [],
              "website": []
            },
            "sensitive_attributes": [],
            "private": "eyJlMmJmYjczMC1lY2FhLTExZTYtOGY4OC0zNDM2M2JjN2M0YzAiOnsiY3JlYXRlIjoyNDAwMDAwMDAwMDAsInJlYWQiOjI0MDAwMDAwMDAwMCwidXBkYXRlIjoyNDAwMDAwMDAwMDB9fQ=="
          },
          {
            "index_key": 1,
            "schema_version": 0,
            "attributes": {
              "cors": [],
              "default_event_based_hold": false,
              "encryption": [],
              "force_destroy": false,
              "id": "rel001-advertising-nubank-raw-7okpl",
              "labels": {
                "advertiser": "nubank",
                "branch": "master",
                "solucao": "rel001-advertising"
              },
              "lifecycle_rule": [],
              "location": "US-CENTRAL1",
              "logging": [],
              "name": "rel001-advertising-nubank-raw-7okpl",
              "project": "gglobo-relicario-hdg-prd",
              "requester_pays": false,
              "retention_policy": [],
              "self_link": "https://www.googleapis.com/storage/v1/b/rel001-advertising-nubank-raw-7okpl",
              "storage_class": "STANDARD",
              "timeouts": null,
              "uniform_bucket_level_access": true,
              "url": "gs://rel001-advertising-nubank-raw-7okpl",
              "versioning": [],
              "website": []
            },
            "sensitive_attributes": [],
            "private": "eyJlMmJmYjczMC1lY2FhLTExZTYtOGY4OC0zNDM2M2JjN2M0YzAiOnsiY3JlYXRlIjoyNDAwMDAwMDAwMDAsInJlYWQiOjI0MDAwMDAwMDAwMCwidXBkYXRlIjoyNDAwMDAwMDAwMDB9fQ=="
          },
          {
            "index_key": 2,
            "schema_version": 0,
            "attributes": {
              "cors": [],
              "default_event_based_hold": false,
              "encryption": [],
              "force_destroy": false,
              "id": "rel001-advertising-creditas-raw-7okpl",
              "labels": {
                "advertiser": "creditas",
                "branch": "master",
                "solucao": "rel001-advertising"
              },
              "lifecycle_rule": [],
              "location": "US-CENTRAL1",
              "logging": [],
              "name": "rel001-advertising-creditas-raw-7okpl",
              "project": "gglobo-relicario-hdg-prd",
              "requester_pays": false,
              "retention_policy": [],
              "self_link": "https://www.googleapis.com/storage/v1/b/rel001-advertising-creditas-raw-7okpl",
              "storage_class": "STANDARD",
              "timeouts": null,
              "uniform_bucket_level_access": true,
              "url": "gs://rel001-advertising-creditas-raw-7okpl",
              "versioning": [],
              "website": []
            },
            "sensitive_attributes": [],
            "private": "eyJlMmJmYjczMC1lY2FhLTExZTYtOGY4OC0zNDM2M2JjN2M0YzAiOnsiY3JlYXRlIjoyNDAwMDAwMDAwMDAsInJlYWQiOjI0MDAwMDAwMDAwMCwidXBkYXRlIjoyNDAwMDAwMDAwMDB9fQ=="
          },
          {
            "index_key": 3,
            "schema_version": 0,
            "attributes": {
              "cors": [],
              "default_event_based_hold": false,
              "encryption": [],
              "force_destroy": false,
              "id": "rel001-advertising-cogna-raw-7okpl",
              "labels": {
                "advertiser": "cogna",
                "branch": "master",
                "solucao": "rel001-advertising"
              },
              "lifecycle_rule": [],
              "location": "US-CENTRAL1",
              "logging": [],
              "name": "rel001-advertising-cogna-raw-7okpl",
              "project": "gglobo-relicario-hdg-prd",
              "requester_pays": false,
              "retention_policy": [],
              "self_link": "https://www.googleapis.com/storage/v1/b/rel001-advertising-cogna-raw-7okpl",
              "storage_class": "STANDARD",
              "timeouts": null,
              "uniform_bucket_level_access": true,
              "url": "gs://rel001-advertising-cogna-raw-7okpl",
              "versioning": [],
              "website": []
            },
            "sensitive_attributes": [],
            "private": "eyJlMmJmYjczMC1lY2FhLTExZTYtOGY4OC0zNDM2M2JjN2M0YzAiOnsiY3JlYXRlIjoyNDAwMDAwMDAwMDAsInJlYWQiOjI0MDAwMDAwMDAwMCwidXBkYXRlIjoyNDAwMDAwMDAwMDB9fQ=="
          },
          {
            "index_key": 4,
            "schema_version": 0,
            "attributes": {
              "cors": [],
              "default_event_based_hold": false,
              "encryption": [],
              "force_destroy": false,
              "id": "rel001-advertising-ype-raw-7okpl",
              "labels": {
                "advertiser": "ype",
                "branch": "master",
                "solucao": "rel001-advertising"
              },
              "lifecycle_rule": [],
              "location": "US-CENTRAL1",
              "logging": [],
              "name": "rel001-advertising-ype-raw-7okpl",
              "project": "gglobo-relicario-hdg-prd",
              "requester_pays": false,
              "retention_policy": [],
              "self_link": "https://www.googleapis.com/storage/v1/b/rel001-advertising-ype-raw-7okpl",
              "storage_class": "STANDARD",
              "timeouts": null,
              "uniform_bucket_level_access": true,
              "url": "gs://rel001-advertising-ype-raw-7okpl",
              "versioning": [],
              "website": []
            },
            "sensitive_attributes": [],
            "private": "eyJlMmJmYjczMC1lY2FhLTExZTYtOGY4OC0zNDM2M2JjN2M0YzAiOnsiY3JlYXRlIjoyNDAwMDAwMDAwMDAsInJlYWQiOjI0MDAwMDAwMDAwMCwidXBkYXRlIjoyNDAwMDAwMDAwMDB9fQ=="
          }
        ]
      },
      {
        "mode": "managed",
        "type": "google_storage_bucket",
        "name": "staging",
        "provider": "provider[\"registry.terraform.io/hashicorp/google\"]",
        "instances": [
          {
            "index_key": 0,
            "schema_version": 0,
            "attributes": {
              "cors": [],
              "default_event_based_hold": false,
              "encryption": [],
              "force_destroy": false,
              "id": "rel001-advertising-gm-stg-7okpl",
              "labels": {
                "advertiser": "gm",
                "branch": "master",
                "solucao": "rel001-advertising"
              },
              "lifecycle_rule": [],
              "location": "US-CENTRAL1",
              "logging": [],
              "name": "rel001-advertising-gm-stg-7okpl",
              "project": "gglobo-relicario-pip-hdg-prd",
              "requester_pays": false,
              "retention_policy": [],
              "self_link": "https://www.googleapis.com/storage/v1/b/rel001-advertising-gm-stg-7okpl",
              "storage_class": "STANDARD",
              "timeouts": null,
              "uniform_bucket_level_access": true,
              "url": "gs://rel001-advertising-gm-stg-7okpl",
              "versioning": [],
              "website": []
            },
            "sensitive_attributes": [],
            "private": "eyJlMmJmYjczMC1lY2FhLTExZTYtOGY4OC0zNDM2M2JjN2M0YzAiOnsiY3JlYXRlIjoyNDAwMDAwMDAwMDAsInJlYWQiOjI0MDAwMDAwMDAwMCwidXBkYXRlIjoyNDAwMDAwMDAwMDB9fQ=="
          },
          {
            "index_key": 1,
            "schema_version": 0,
            "attributes": {
              "cors": [],
              "default_event_based_hold": false,
              "encryption": [],
              "force_destroy": false,
              "id": "rel001-advertising-nubank-stg-7okpl",
              "labels": {
                "advertiser": "nubank",
                "branch": "master",
                "solucao": "rel001-advertising"
              },
              "lifecycle_rule": [],
              "location": "US-CENTRAL1",
              "logging": [],
              "name": "rel001-advertising-nubank-stg-7okpl",
              "project": "gglobo-relicario-pip-hdg-prd",
              "requester_pays": false,
              "retention_policy": [],
              "self_link": "https://www.googleapis.com/storage/v1/b/rel001-advertising-nubank-stg-7okpl",
              "storage_class": "STANDARD",
              "timeouts": null,
              "uniform_bucket_level_access": true,
              "url": "gs://rel001-advertising-nubank-stg-7okpl",
              "versioning": [],
              "website": []
            },
            "sensitive_attributes": [],
            "private": "eyJlMmJmYjczMC1lY2FhLTExZTYtOGY4OC0zNDM2M2JjN2M0YzAiOnsiY3JlYXRlIjoyNDAwMDAwMDAwMDAsInJlYWQiOjI0MDAwMDAwMDAwMCwidXBkYXRlIjoyNDAwMDAwMDAwMDB9fQ=="
          },
          {
            "index_key": 2,
            "schema_version": 0,
            "attributes": {
              "cors": [],
              "default_event_based_hold": false,
              "encryption": [],
              "force_destroy": false,
              "id": "rel001-advertising-creditas-stg-7okpl",
              "labels": {
                "advertiser": "creditas",
                "branch": "master",
                "solucao": "rel001-advertising"
              },
              "lifecycle_rule": [],
              "location": "US-CENTRAL1",
              "logging": [],
              "name": "rel001-advertising-creditas-stg-7okpl",
              "project": "gglobo-relicario-pip-hdg-prd",
              "requester_pays": false,
              "retention_policy": [],
              "self_link": "https://www.googleapis.com/storage/v1/b/rel001-advertising-creditas-stg-7okpl",
              "storage_class": "STANDARD",
              "timeouts": null,
              "uniform_bucket_level_access": true,
              "url": "gs://rel001-advertising-creditas-stg-7okpl",
              "versioning": [],
              "website": []
            },
            "sensitive_attributes": [],
            "private": "eyJlMmJmYjczMC1lY2FhLTExZTYtOGY4OC0zNDM2M2JjN2M0YzAiOnsiY3JlYXRlIjoyNDAwMDAwMDAwMDAsInJlYWQiOjI0MDAwMDAwMDAwMCwidXBkYXRlIjoyNDAwMDAwMDAwMDB9fQ=="
          },
          {
            "index_key": 3,
            "schema_version": 0,
            "attributes": {
              "cors": [],
              "default_event_based_hold": false,
              "encryption": [],
              "force_destroy": false,
              "id": "rel001-advertising-cogna-stg-7okpl",
              "labels": {
                "advertiser": "cogna",
                "branch": "master",
                "solucao": "rel001-advertising"
              },
              "lifecycle_rule": [],
              "location": "US-CENTRAL1",
              "logging": [],
              "name": "rel001-advertising-cogna-stg-7okpl",
              "project": "gglobo-relicario-pip-hdg-prd",
              "requester_pays": false,
              "retention_policy": [],
              "self_link": "https://www.googleapis.com/storage/v1/b/rel001-advertising-cogna-stg-7okpl",
              "storage_class": "STANDARD",
              "timeouts": null,
              "uniform_bucket_level_access": true,
              "url": "gs://rel001-advertising-cogna-stg-7okpl",
              "versioning": [],
              "website": []
            },
            "sensitive_attributes": [],
            "private": "eyJlMmJmYjczMC1lY2FhLTExZTYtOGY4OC0zNDM2M2JjN2M0YzAiOnsiY3JlYXRlIjoyNDAwMDAwMDAwMDAsInJlYWQiOjI0MDAwMDAwMDAwMCwidXBkYXRlIjoyNDAwMDAwMDAwMDB9fQ=="
          },
          {
            "index_key": 4,
            "schema_version": 0,
            "attributes": {
              "cors": [],
              "default_event_based_hold": false,
              "encryption": [],
              "force_destroy": false,
              "id": "rel001-advertising-ype-stg-7okpl",
              "labels": {
                "advertiser": "ype",
                "branch": "master",
                "solucao": "rel001-advertising"
              },
              "lifecycle_rule": [],
              "location": "US-CENTRAL1",
              "logging": [],
              "name": "rel001-advertising-ype-stg-7okpl",
              "project": "gglobo-relicario-pip-hdg-prd",
              "requester_pays": false,
              "retention_policy": [],
              "self_link": "https://www.googleapis.com/storage/v1/b/rel001-advertising-ype-stg-7okpl",
              "storage_class": "STANDARD",
              "timeouts": null,
              "uniform_bucket_level_access": true,
              "url": "gs://rel001-advertising-ype-stg-7okpl",
              "versioning": [],
              "website": []
            },
            "sensitive_attributes": [],
            "private": "eyJlMmJmYjczMC1lY2FhLTExZTYtOGY4OC0zNDM2M2JjN2M0YzAiOnsiY3JlYXRlIjoyNDAwMDAwMDAwMDAsInJlYWQiOjI0MDAwMDAwMDAwMCwidXBkYXRlIjoyNDAwMDAwMDAwMDB9fQ=="
          }
        ]
      },
      {
        "mode": "managed",
        "type": "google_storage_bucket",
        "name": "tmp-dataproc",
        "provider": "provider[\"registry.terraform.io/hashicorp/google\"]",
        "instances": [
          {
            "schema_version": 0,
            "attributes": {
              "cors": [],
              "default_event_based_hold": false,
              "encryption": [],
              "force_destroy": false,
              "id": "rel001-advertising-tmp-dataproc-7okpl",
              "labels": {
                "branch": "master",
                "solucao": "rel001-advertising"
              },
              "lifecycle_rule": [
                {
                  "action": [
                    {
                      "storage_class": "",
                      "type": "Delete"
                    }
                  ],
                  "condition": [
                    {
                      "age": 90,
                      "created_before": "",
                      "custom_time_before": "",
                      "days_since_custom_time": 0,
                      "days_since_noncurrent_time": 0,
                      "matches_storage_class": [],
                      "noncurrent_time_before": "",
                      "num_newer_versions": 0,
                      "with_state": "ANY"
                    }
                  ]
                }
              ],
              "location": "US-CENTRAL1",
              "logging": [],
              "name": "rel001-advertising-tmp-dataproc-7okpl",
              "project": "gglobo-relicario-pip-hdg-prd",
              "requester_pays": false,
              "retention_policy": [],
              "self_link": "https://www.googleapis.com/storage/v1/b/rel001-advertising-tmp-dataproc-7okpl",
              "storage_class": "STANDARD",
              "timeouts": null,
              "uniform_bucket_level_access": true,
              "url": "gs://rel001-advertising-tmp-dataproc-7okpl",
              "versioning": [],
              "website": []
            },
            "sensitive_attributes": [],
            "private": "eyJlMmJmYjczMC1lY2FhLTExZTYtOGY4OC0zNDM2M2JjN2M0YzAiOnsiY3JlYXRlIjoyNDAwMDAwMDAwMDAsInJlYWQiOjI0MDAwMDAwMDAwMCwidXBkYXRlIjoyNDAwMDAwMDAwMDB9fQ=="
          }
        ]
      },
      {
        "mode": "managed",
        "type": "google_storage_bucket_iam_policy",
        "name": "policy",
        "provider": "provider[\"registry.terraform.io/hashicorp/google\"]",
        "instances": [
          {
            "index_key": 0,
            "schema_version": 0,
            "attributes": {
              "bucket": "b/rel001-advertising-gm-lnd-7okpl",
              "etag": "CAY=",
              "id": "b/rel001-advertising-gm-lnd-7okpl",
              "policy_data": "{\"bindings\":[{\"members\":[\"serviceAccount:project-14318791953@storage-transfer-service.iam.gserviceaccount.com\"],\"role\":\"roles/storage.admin\"}]}"
            },
            "sensitive_attributes": [],
            "private": "bnVsbA==",
            "dependencies": [
              "data.google_iam_policy.storage_solucao_datatransfer",
              "google_storage_bucket.lnd"
            ]
          },
          {
            "index_key": 1,
            "schema_version": 0,
            "attributes": {
              "bucket": "b/rel001-advertising-creditas-lnd-7okpl",
              "etag": "CAI=",
              "id": "b/rel001-advertising-creditas-lnd-7okpl",
              "policy_data": "{\"bindings\":[{\"members\":[\"serviceAccount:project-14318791953@storage-transfer-service.iam.gserviceaccount.com\"],\"role\":\"roles/storage.admin\"}]}"
            },
            "sensitive_attributes": [],
            "private": "bnVsbA==",
            "dependencies": [
              "data.google_iam_policy.storage_solucao_datatransfer",
              "google_storage_bucket.lnd"
            ]
          },
          {
            "index_key": 2,
            "schema_version": 0,
            "attributes": {
              "bucket": "b/rel001-advertising-nubank-lnd-7okpl",
              "etag": "CAI=",
              "id": "b/rel001-advertising-nubank-lnd-7okpl",
              "policy_data": "{\"bindings\":[{\"members\":[\"serviceAccount:project-14318791953@storage-transfer-service.iam.gserviceaccount.com\"],\"role\":\"roles/storage.admin\"}]}"
            },
            "sensitive_attributes": [],
            "private": "bnVsbA==",
            "dependencies": [
              "data.google_iam_policy.storage_solucao_datatransfer",
              "google_storage_bucket.lnd"
            ]
          },
          {
            "index_key": 3,
            "schema_version": 0,
            "attributes": {
              "bucket": "b/rel001-advertising-cogna-lnd-7okpl",
              "etag": "CAU=",
              "id": "b/rel001-advertising-cogna-lnd-7okpl",
              "policy_data": "{\"bindings\":[{\"members\":[\"serviceAccount:project-14318791953@storage-transfer-service.iam.gserviceaccount.com\"],\"role\":\"roles/storage.admin\"}]}"
            },
            "sensitive_attributes": [],
            "private": "bnVsbA==",
            "dependencies": [
              "data.google_iam_policy.storage_solucao_datatransfer",
              "google_storage_bucket.lnd"
            ]
          },
          {
            "index_key": 4,
            "schema_version": 0,
            "attributes": {
              "bucket": "b/rel001-advertising-ype-lnd-7okpl",
              "etag": "CAQ=",
              "id": "b/rel001-advertising-ype-lnd-7okpl",
              "policy_data": "{\"bindings\":[{\"members\":[\"serviceAccount:project-14318791953@storage-transfer-service.iam.gserviceaccount.com\"],\"role\":\"roles/storage.admin\"}]}"
            },
            "sensitive_attributes": [],
            "private": "bnVsbA==",
            "dependencies": [
              "data.google_iam_policy.storage_solucao_datatransfer",
              "google_storage_bucket.lnd"
            ]
          }
        ]
      },
      {
        "mode": "managed",
        "type": "google_storage_bucket_object",
        "name": "bootstrap",
        "provider": "provider[\"registry.terraform.io/hashicorp/google\"]",
        "instances": [
          {
            "schema_version": 0,
            "attributes": {
              "bucket": "rel001-advertising-codigos-7okpl",
              "cache_control": "",
              "content": "####################################################################################################\n# USO DO FOUDATION\n####################################################################################################\n\nexport HTTP_PROXY=http://proxy.globoi.com:3128\nexport HTTPS_PROXY=http://proxy.globoi.com:3128\nexport NO_PROXY=localhost,127.0.0.1,10.,.globoi.com,i.s3.glbimg.com,.googleapis.com\n\ngsutil cp gs://rel001-advertising-codigos-7okpl/dataproc/ivy-settings.xml /tmp\n\n####################################################################################################\n\npip install coe-dataproc==1.0.2 --index-url https://artifactory.globoi.com/artifactory/api/pypi/pypi-all/simple\npip install google-cloud-storage==1.38.0 --index-url https://artifactory.globoi.com/artifactory/api/pypi/pypi-all/simple\npip install google-cloud-secret-manager==2.7.2 --index-url https://artifactory.globoi.com/artifactory/api/pypi/pypi-all/simple\npip install gcsfs==2021.11.1 --index-url https://artifactory.globoi.com/artifactory/api/pypi/pypi-all/simple\npip install fsspec==2021.11.1 --index-url https://artifactory.globoi.com/artifactory/api/pypi/pypi-all/simple\npip install google-cloud-bigquery==2.31.0 --index-url https://artifactory.globoi.com/artifactory/api/pypi/pypi-all/simple",
              "content_disposition": "",
              "content_encoding": "",
              "content_language": "",
              "content_type": "text/plain; charset=utf-8",
              "crc32c": "T8rEwA==",
              "customer_encryption": [],
              "detect_md5hash": "cdxiPc1XCV+RM82IAcTNzg==",
              "event_based_hold": false,
              "id": "rel001-advertising-codigos-7okpl-dataproc/bootstrap.sh",
              "kms_key_name": "",
              "md5hash": "cdxiPc1XCV+RM82IAcTNzg==",
              "media_link": "https://storage.googleapis.com/download/storage/v1/b/rel001-advertising-codigos-7okpl/o/dataproc%2Fbootstrap.sh?generation=1648674752492031\u0026alt=media",
              "metadata": {},
              "name": "dataproc/bootstrap.sh",
              "output_name": "dataproc/bootstrap.sh",
              "self_link": "https://www.googleapis.com/storage/v1/b/rel001-advertising-codigos-7okpl/o/dataproc%2Fbootstrap.sh",
              "source": null,
              "storage_class": "STANDARD",
              "temporary_hold": false,
              "timeouts": null
            },
            "sensitive_attributes": [],
            "private": "eyJlMmJmYjczMC1lY2FhLTExZTYtOGY4OC0zNDM2M2JjN2M0YzAiOnsiY3JlYXRlIjoyNDAwMDAwMDAwMDAsImRlbGV0ZSI6MjQwMDAwMDAwMDAwLCJ1cGRhdGUiOjI0MDAwMDAwMDAwMH19",
            "dependencies": [
              "google_storage_bucket.codigos"
            ]
          }
        ]
      },
      {
        "mode": "managed",
        "type": "google_storage_bucket_object",
        "name": "dataproc-code",
        "provider": "provider[\"registry.terraform.io/hashicorp/google\"]",
        "instances": [
          {
            "index_key": "__init__.py",
            "schema_version": 0,
            "attributes": {
              "bucket": "rel001-advertising-codigos-7okpl",
              "cache_control": "",
              "content": null,
              "content_disposition": "",
              "content_encoding": "",
              "content_language": "",
              "content_type": "text/plain; charset=utf-8",
              "crc32c": "AAAAAA==",
              "customer_encryption": [],
              "detect_md5hash": "1B2M2Y8AsgTpgAmY7PhCfg==",
              "event_based_hold": false,
              "id": "rel001-advertising-codigos-7okpl-dataproc/__init__.py",
              "kms_key_name": "",
              "md5hash": "1B2M2Y8AsgTpgAmY7PhCfg==",
              "media_link": "https://storage.googleapis.com/download/storage/v1/b/rel001-advertising-codigos-7okpl/o/dataproc%2F__init__.py?generation=1648674752469579\u0026alt=media",
              "metadata": {},
              "name": "dataproc/__init__.py",
              "output_name": "dataproc/__init__.py",
              "self_link": "https://www.googleapis.com/storage/v1/b/rel001-advertising-codigos-7okpl/o/dataproc%2F__init__.py",
              "source": "../codigo/dataproc/__init__.py",
              "storage_class": "STANDARD",
              "temporary_hold": false,
              "timeouts": null
            },
            "sensitive_attributes": [],
            "private": "eyJlMmJmYjczMC1lY2FhLTExZTYtOGY4OC0zNDM2M2JjN2M0YzAiOnsiY3JlYXRlIjoyNDAwMDAwMDAwMDAsImRlbGV0ZSI6MjQwMDAwMDAwMDAwLCJ1cGRhdGUiOjI0MDAwMDAwMDAwMH19",
            "dependencies": [
              "google_storage_bucket.codigos"
            ]
          },
          {
            "index_key": "ivy-settings.xml",
            "schema_version": 0,
            "attributes": {
              "bucket": "rel001-advertising-codigos-7okpl",
              "cache_control": "",
              "content": null,
              "content_disposition": "",
              "content_encoding": "",
              "content_language": "",
              "content_type": "text/plain; charset=utf-8",
              "crc32c": "NNbsvQ==",
              "customer_encryption": [],
              "detect_md5hash": "tQ+ue0dNSGl9hdMJTN4Zsg==",
              "event_based_hold": false,
              "id": "rel001-advertising-codigos-7okpl-dataproc/ivy-settings.xml",
              "kms_key_name": "",
              "md5hash": "tQ+ue0dNSGl9hdMJTN4Zsg==",
              "media_link": "https://storage.googleapis.com/download/storage/v1/b/rel001-advertising-codigos-7okpl/o/dataproc%2Fivy-settings.xml?generation=1648674752472728\u0026alt=media",
              "metadata": {},
              "name": "dataproc/ivy-settings.xml",
              "output_name": "dataproc/ivy-settings.xml",
              "self_link": "https://www.googleapis.com/storage/v1/b/rel001-advertising-codigos-7okpl/o/dataproc%2Fivy-settings.xml",
              "source": "../codigo/dataproc/ivy-settings.xml",
              "storage_class": "STANDARD",
              "temporary_hold": false,
              "timeouts": null
            },
            "sensitive_attributes": [],
            "private": "eyJlMmJmYjczMC1lY2FhLTExZTYtOGY4OC0zNDM2M2JjN2M0YzAiOnsiY3JlYXRlIjoyNDAwMDAwMDAwMDAsImRlbGV0ZSI6MjQwMDAwMDAwMDAwLCJ1cGRhdGUiOjI0MDAwMDAwMDAwMH19",
            "dependencies": [
              "google_storage_bucket.codigos"
            ]
          },
          {
            "index_key": "onboarding/__init__.py",
            "schema_version": 0,
            "attributes": {
              "bucket": "rel001-advertising-codigos-7okpl",
              "cache_control": "",
              "content": null,
              "content_disposition": "",
              "content_encoding": "",
              "content_language": "",
              "content_type": "text/plain; charset=utf-8",
              "crc32c": "AAAAAA==",
              "customer_encryption": [],
              "detect_md5hash": "1B2M2Y8AsgTpgAmY7PhCfg==",
              "event_based_hold": false,
              "id": "rel001-advertising-codigos-7okpl-dataproc/onboarding/__init__.py",
              "kms_key_name": "",
              "md5hash": "1B2M2Y8AsgTpgAmY7PhCfg==",
              "media_link": "https://storage.googleapis.com/download/storage/v1/b/rel001-advertising-codigos-7okpl/o/dataproc%2Fonboarding%2F__init__.py?generation=1648674752469567\u0026alt=media",
              "metadata": {},
              "name": "dataproc/onboarding/__init__.py",
              "output_name": "dataproc/onboarding/__init__.py",
              "self_link": "https://www.googleapis.com/storage/v1/b/rel001-advertising-codigos-7okpl/o/dataproc%2Fonboarding%2F__init__.py",
              "source": "../codigo/dataproc/onboarding/__init__.py",
              "storage_class": "STANDARD",
              "temporary_hold": false,
              "timeouts": null
            },
            "sensitive_attributes": [],
            "private": "eyJlMmJmYjczMC1lY2FhLTExZTYtOGY4OC0zNDM2M2JjN2M0YzAiOnsiY3JlYXRlIjoyNDAwMDAwMDAwMDAsImRlbGV0ZSI6MjQwMDAwMDAwMDAwLCJ1cGRhdGUiOjI0MDAwMDAwMDAwMH19",
            "dependencies": [
              "google_storage_bucket.codigos"
            ]
          },
          {
            "index_key": "onboarding/load-advertiser.py",
            "schema_version": 0,
            "attributes": {
              "bucket": "rel001-advertising-codigos-7okpl",
              "cache_control": "",
              "content": null,
              "content_disposition": "",
              "content_encoding": "",
              "content_language": "",
              "content_type": "text/plain; charset=utf-8",
              "crc32c": "J4mFxA==",
              "customer_encryption": [],
              "detect_md5hash": "2qhx2cUB9fOeeHFXTO+k+A==",
              "event_based_hold": false,
              "id": "rel001-advertising-codigos-7okpl-dataproc/onboarding/load-advertiser.py",
              "kms_key_name": "",
              "md5hash": "2qhx2cUB9fOeeHFXTO+k+A==",
              "media_link": "https://storage.googleapis.com/download/storage/v1/b/rel001-advertising-codigos-7okpl/o/dataproc%2Fonboarding%2Fload-advertiser.py?generation=1653502961689087\u0026alt=media",
              "metadata": {},
              "name": "dataproc/onboarding/load-advertiser.py",
              "output_name": "dataproc/onboarding/load-advertiser.py",
              "self_link": "https://www.googleapis.com/storage/v1/b/rel001-advertising-codigos-7okpl/o/dataproc%2Fonboarding%2Fload-advertiser.py",
              "source": "../codigo/dataproc/onboarding/load-advertiser.py",
              "storage_class": "STANDARD",
              "temporary_hold": false,
              "timeouts": null
            },
            "sensitive_attributes": [],
            "private": "eyJlMmJmYjczMC1lY2FhLTExZTYtOGY4OC0zNDM2M2JjN2M0YzAiOnsiY3JlYXRlIjoyNDAwMDAwMDAwMDAsImRlbGV0ZSI6MjQwMDAwMDAwMDAwLCJ1cGRhdGUiOjI0MDAwMDAwMDAwMH19",
            "dependencies": [
              "google_storage_bucket.codigos"
            ]
          }
        ]
      },
      {
        "mode": "managed",
        "type": "google_storage_bucket_object",
        "name": "monitora-awss3-code",
        "provider": "provider[\"registry.terraform.io/hashicorp/google\"]",
        "instances": [
          {
            "schema_version": 0,
            "attributes": {
              "bucket": "rel001-advertising-codigos-7okpl",
              "cache_control": "",
              "content": null,
              "content_disposition": "",
              "content_encoding": "",
              "content_language": "",
              "content_type": "application/zip",
              "crc32c": "EN4cyA==",
              "customer_encryption": [],
              "detect_md5hash": "R7gyXxlDUcaG+O8Qn3FMag==",
              "event_based_hold": false,
              "id": "rel001-advertising-codigos-7okpl-cloudfunction/monitora_s3-b45de34b53a3ed28535e6147cb14ba69f0929b02.zip",
              "kms_key_name": "",
              "md5hash": "R7gyXxlDUcaG+O8Qn3FMag==",
              "media_link": "https://storage.googleapis.com/download/storage/v1/b/rel001-advertising-codigos-7okpl/o/cloudfunction%2Fmonitora_s3-b45de34b53a3ed28535e6147cb14ba69f0929b02.zip?generation=1657301006343935\u0026alt=media",
              "metadata": null,
              "name": "cloudfunction/monitora_s3-b45de34b53a3ed28535e6147cb14ba69f0929b02.zip",
              "output_name": "cloudfunction/monitora_s3-b45de34b53a3ed28535e6147cb14ba69f0929b02.zip",
              "self_link": "https://www.googleapis.com/storage/v1/b/rel001-advertising-codigos-7okpl/o/cloudfunction%2Fmonitora_s3-b45de34b53a3ed28535e6147cb14ba69f0929b02.zip",
              "source": "cloudfunction/monitora_s3",
              "storage_class": "STANDARD",
              "temporary_hold": false,
              "timeouts": null
            },
            "sensitive_attributes": [],
            "private": "eyJlMmJmYjczMC1lY2FhLTExZTYtOGY4OC0zNDM2M2JjN2M0YzAiOnsiY3JlYXRlIjoyNDAwMDAwMDAwMDAsImRlbGV0ZSI6MjQwMDAwMDAwMDAwLCJ1cGRhdGUiOjI0MDAwMDAwMDAwMH19",
            "dependencies": [
              "data.archive_file.monitora-awss3-zip",
              "google_storage_bucket.codigos"
            ]
          }
        ]
      },
      {
        "mode": "managed",
        "type": "google_storage_bucket_object",
        "name": "read-file-code",
        "provider": "provider[\"registry.terraform.io/hashicorp/google\"]",
        "instances": [
          {
            "schema_version": 0,
            "attributes": {
              "bucket": "rel001-advertising-codigos-7okpl",
              "cache_control": "",
              "content": null,
              "content_disposition": "",
              "content_encoding": "",
              "content_language": "",
              "content_type": "application/zip",
              "crc32c": "Vamw2A==",
              "customer_encryption": [],
              "detect_md5hash": "UDm6XyRl63KZioTsk0SxGQ==",
              "event_based_hold": false,
              "id": "rel001-advertising-codigos-7okpl-cloudfunction/read_file-a186b172326ecf6043e8507e783eb45095de2941.zip",
              "kms_key_name": "",
              "md5hash": "UDm6XyRl63KZioTsk0SxGQ==",
              "media_link": "https://storage.googleapis.com/download/storage/v1/b/rel001-advertising-codigos-7okpl/o/cloudfunction%2Fread_file-a186b172326ecf6043e8507e783eb45095de2941.zip?generation=1657301018675753\u0026alt=media",
              "metadata": null,
              "name": "cloudfunction/read_file-a186b172326ecf6043e8507e783eb45095de2941.zip",
              "output_name": "cloudfunction/read_file-a186b172326ecf6043e8507e783eb45095de2941.zip",
              "self_link": "https://www.googleapis.com/storage/v1/b/rel001-advertising-codigos-7okpl/o/cloudfunction%2Fread_file-a186b172326ecf6043e8507e783eb45095de2941.zip",
              "source": "cloudfunction/read_file",
              "storage_class": "STANDARD",
              "temporary_hold": false,
              "timeouts": null
            },
            "sensitive_attributes": [],
            "private": "eyJlMmJmYjczMC1lY2FhLTExZTYtOGY4OC0zNDM2M2JjN2M0YzAiOnsiY3JlYXRlIjoyNDAwMDAwMDAwMDAsImRlbGV0ZSI6MjQwMDAwMDAwMDAwLCJ1cGRhdGUiOjI0MDAwMDAwMDAwMH19",
            "dependencies": [
              "data.archive_file.read-file-zip",
              "google_storage_bucket.codigos"
            ]
          }
        ]
      },
      {
        "mode": "managed",
        "type": "random_password",
        "name": "password",
        "provider": "provider[\"registry.terraform.io/hashicorp/random\"]",
        "instances": [
          {
            "index_key": 0,
            "schema_version": 2,
            "attributes": {
              "bcrypt_hash": "$2a$10$huyiNAwWM49Uu9Uc8h7xZeHF0ipfhJuzz7xV3lO.TQpuRZXDl0GtW",
              "id": "none",
              "keepers": null,
              "length": 16,
              "lower": true,
              "min_lower": 0,
              "min_numeric": 0,
              "min_special": 0,
              "min_upper": 0,
              "number": true,
              "numeric": true,
              "override_special": null,
              "result": "6COJLf\u0026Xx[lIC]rl",
              "special": true,
              "upper": true
            },
            "sensitive_attributes": [],
            "private": "bnVsbA=="
          },
          {
            "index_key": 1,
            "schema_version": 2,
            "attributes": {
              "bcrypt_hash": "$2a$10$OuQ9NxZUPq3PT4LJOORgX.DzuXwz5NOnkRYGjMaUket04uLWL6Z3i",
              "id": "none",
              "keepers": null,
              "length": 16,
              "lower": true,
              "min_lower": 0,
              "min_numeric": 0,
              "min_special": 0,
              "min_upper": 0,
              "number": true,
              "numeric": true,
              "override_special": null,
              "result": "CHXJue:ynh+MQ{Bu",
              "special": true,
              "upper": true
            },
            "sensitive_attributes": [],
            "private": "bnVsbA=="
          },
          {
            "index_key": 2,
            "schema_version": 2,
            "attributes": {
              "bcrypt_hash": "$2a$10$ODoW1LL7Ex.hAUccc2lixebhPcKECTwUHwGvM2aaIsjdFq0YlgWJW",
              "id": "none",
              "keepers": null,
              "length": 16,
              "lower": true,
              "min_lower": 0,
              "min_numeric": 0,
              "min_special": 0,
              "min_upper": 0,
              "number": true,
              "numeric": true,
              "override_special": null,
              "result": "=744D3\u003ez9u\u003chmQtv",
              "special": true,
              "upper": true
            },
            "sensitive_attributes": [],
            "private": "bnVsbA=="
          },
          {
            "index_key": 3,
            "schema_version": 2,
            "attributes": {
              "bcrypt_hash": "$2a$10$eTYX8o3ETsHuTuslBsHSmOtKYpe6F5TA9JQVzFeMTa6XkCsD3f61C",
              "id": "none",
              "keepers": null,
              "length": 16,
              "lower": true,
              "min_lower": 0,
              "min_numeric": 0,
              "min_special": 0,
              "min_upper": 0,
              "number": true,
              "numeric": true,
              "override_special": null,
              "result": "=bO:]As0vVb%K1IS",
              "special": true,
              "upper": true
            },
            "sensitive_attributes": [],
            "private": "bnVsbA=="
          },
          {
            "index_key": 4,
            "schema_version": 2,
            "attributes": {
              "bcrypt_hash": "$2a$10$uRBnkF/Zd/itBTDmcfmHae90.Nivtol5fQyYE2SiyBpJwf2xm0COu",
              "id": "none",
              "keepers": null,
              "length": 16,
              "lower": true,
              "min_lower": 0,
              "min_numeric": 0,
              "min_special": 0,
              "min_upper": 0,
              "number": true,
              "numeric": true,
              "override_special": null,
              "result": "=GPVpcfN6!K9]CII",
              "special": true,
              "upper": true
            },
            "sensitive_attributes": [],
            "private": "eyJzY2hlbWFfdmVyc2lvbiI6IjIifQ=="
          }
        ]
      }
    ]
  }